// !$*UTF8*$!
{
	archiveVersion = 1;
	classes = {
	};
	objectVersion = 46;
	objects = {

/* Begin PBXAggregateTarget section */
		967F17866F7666E4A59A2885 /* CompressionProtoyping - All */ = {
			isa = PBXAggregateTarget;
			buildConfigurationList = 1AF95BDDC73E33B9DB8F74CA /* Build configuration list for PBXAggregateTarget "CompressionProtoyping - All" */;
			buildPhases = (
			);
			dependencies = (
				385D7C6D725F445CFBFD2397 /* PBXTargetDependency */,
				5BB813181587A39501F4075C /* PBXTargetDependency */,
				B32F3EE096DD96F8968407FE /* PBXTargetDependency */,
				82F0863DC5D6D7D270EE0708 /* PBXTargetDependency */,
			);
			name = "CompressionProtoyping - All";
			productName = CompressionProtoyping;
		};
/* End PBXAggregateTarget section */

/* Begin PBXBuildFile section */
		00CDCF76BC86BFC8FD40D719 /* include_juce_audio_plugin_client_AU_1.mm in Sources */ = {isa = PBXBuildFile; fileRef = DCCFA7C486F407513A26E454 /* include_juce_audio_plugin_client_AU_1.mm */; };
		111382C2B8FF1040F2BBBF59 /* include_juce_audio_formats.mm in Sources */ = {isa = PBXBuildFile; fileRef = 66115F6AA1288FADD865D0FC /* include_juce_audio_formats.mm */; };
		117BB6649EAB5F5C4B04297E /* Foundation.framework in Frameworks */ = {isa = PBXBuildFile; fileRef = 02ECB137CBF003B099D6B801 /* Foundation.framework */; };
		130556A054658A4CB81B7EE5 /* include_juce_audio_plugin_client_VST_utils.mm in Sources */ = {isa = PBXBuildFile; fileRef = 1408065BAE04E449D81A3489 /* include_juce_audio_plugin_client_VST_utils.mm */; };
		15F500086C086D8200D41BAC /* include_juce_audio_basics.mm in Sources */ = {isa = PBXBuildFile; fileRef = 16AF4EDC729C1342F83A2DAA /* include_juce_audio_basics.mm */; };
		20FBC712B914FD0602B51CF6 /* RecentFilesMenuTemplate.nib in Resources */ = {isa = PBXBuildFile; fileRef = B5A415D9C488ACFC4FC06A5A /* RecentFilesMenuTemplate.nib */; };
		283211C278CE2878C1FD1712 /* AudioUnit.framework in Frameworks */ = {isa = PBXBuildFile; fileRef = 95B34347FEE0909C5A2A9756 /* AudioUnit.framework */; };
		284FF534258BE28100CCC19D /* RecentFilesMenuTemplate.nib in Resources */ = {isa = PBXBuildFile; fileRef = B5A415D9C488ACFC4FC06A5A /* RecentFilesMenuTemplate.nib */; };
		284FF535258BE28100CCC19D /* Accelerate.framework in Frameworks */ = {isa = PBXBuildFile; fileRef = 503EEF4E0BB7C9BE4733A3BB /* Accelerate.framework */; };
		284FF536258BE28100CCC19D /* AudioToolbox.framework in Frameworks */ = {isa = PBXBuildFile; fileRef = B129EDD24C1834837D7DBBD4 /* AudioToolbox.framework */; };
		284FF537258BE28100CCC19D /* Carbon.framework in Frameworks */ = {isa = PBXBuildFile; fileRef = AF5B429D1E715A3BA16840F6 /* Carbon.framework */; };
		284FF538258BE28100CCC19D /* Cocoa.framework in Frameworks */ = {isa = PBXBuildFile; fileRef = 99A4482BA5180940A547F8A2 /* Cocoa.framework */; };
		284FF539258BE28100CCC19D /* CoreAudio.framework in Frameworks */ = {isa = PBXBuildFile; fileRef = 6A2A21D7BFDF0E1F9EA63D64 /* CoreAudio.framework */; };
		284FF53A258BE28100CCC19D /* CoreAudioKit.framework in Frameworks */ = {isa = PBXBuildFile; fileRef = 7E1A0CC9AF5A47C44227C368 /* CoreAudioKit.framework */; };
		284FF53B258BE28100CCC19D /* CoreMIDI.framework in Frameworks */ = {isa = PBXBuildFile; fileRef = 64F40E95C514560D7BE5D274 /* CoreMIDI.framework */; };
		284FF53C258BE28100CCC19D /* DiscRecording.framework in Frameworks */ = {isa = PBXBuildFile; fileRef = F1B998012FCB5CB517A956D6 /* DiscRecording.framework */; };
		284FF53D258BE28100CCC19D /* Foundation.framework in Frameworks */ = {isa = PBXBuildFile; fileRef = 02ECB137CBF003B099D6B801 /* Foundation.framework */; };
		284FF53E258BE28100CCC19D /* IOKit.framework in Frameworks */ = {isa = PBXBuildFile; fileRef = 2C433BA89E0E6CAFEBD74060 /* IOKit.framework */; };
		284FF53F258BE28100CCC19D /* QuartzCore.framework in Frameworks */ = {isa = PBXBuildFile; fileRef = C0DB8647EB5BDD6335F14BCC /* QuartzCore.framework */; };
		284FF540258BE28100CCC19D /* WebKit.framework in Frameworks */ = {isa = PBXBuildFile; fileRef = 8836CF33C6182AE7F54B7380 /* WebKit.framework */; };
		284FF541258BE28100CCC19D /* RecentFilesMenuTemplate.nib in Resources */ = {isa = PBXBuildFile; fileRef = B5A415D9C488ACFC4FC06A5A /* RecentFilesMenuTemplate.nib */; };
		284FF542258BE28100CCC19D /* Accelerate.framework in Frameworks */ = {isa = PBXBuildFile; fileRef = 503EEF4E0BB7C9BE4733A3BB /* Accelerate.framework */; };
		284FF543258BE28100CCC19D /* AudioToolbox.framework in Frameworks */ = {isa = PBXBuildFile; fileRef = B129EDD24C1834837D7DBBD4 /* AudioToolbox.framework */; };
		284FF544258BE28100CCC19D /* Carbon.framework in Frameworks */ = {isa = PBXBuildFile; fileRef = AF5B429D1E715A3BA16840F6 /* Carbon.framework */; };
		284FF545258BE28100CCC19D /* Cocoa.framework in Frameworks */ = {isa = PBXBuildFile; fileRef = 99A4482BA5180940A547F8A2 /* Cocoa.framework */; };
		284FF546258BE28100CCC19D /* CoreAudio.framework in Frameworks */ = {isa = PBXBuildFile; fileRef = 6A2A21D7BFDF0E1F9EA63D64 /* CoreAudio.framework */; };
		284FF547258BE28100CCC19D /* CoreAudioKit.framework in Frameworks */ = {isa = PBXBuildFile; fileRef = 7E1A0CC9AF5A47C44227C368 /* CoreAudioKit.framework */; };
		284FF548258BE28100CCC19D /* CoreMIDI.framework in Frameworks */ = {isa = PBXBuildFile; fileRef = 64F40E95C514560D7BE5D274 /* CoreMIDI.framework */; };
		284FF549258BE28100CCC19D /* DiscRecording.framework in Frameworks */ = {isa = PBXBuildFile; fileRef = F1B998012FCB5CB517A956D6 /* DiscRecording.framework */; };
		284FF54A258BE28100CCC19D /* Foundation.framework in Frameworks */ = {isa = PBXBuildFile; fileRef = 02ECB137CBF003B099D6B801 /* Foundation.framework */; };
		284FF54B258BE28100CCC19D /* IOKit.framework in Frameworks */ = {isa = PBXBuildFile; fileRef = 2C433BA89E0E6CAFEBD74060 /* IOKit.framework */; };
		284FF54C258BE28100CCC19D /* QuartzCore.framework in Frameworks */ = {isa = PBXBuildFile; fileRef = C0DB8647EB5BDD6335F14BCC /* QuartzCore.framework */; };
		284FF54D258BE28100CCC19D /* WebKit.framework in Frameworks */ = {isa = PBXBuildFile; fileRef = 8836CF33C6182AE7F54B7380 /* WebKit.framework */; };
		2890CA1EA2451B4A68CC4042 /* QuartzCore.framework in Frameworks */ = {isa = PBXBuildFile; fileRef = C0DB8647EB5BDD6335F14BCC /* QuartzCore.framework */; };
		28C1876528BB3DC78AA9079D /* include_juce_audio_plugin_client_utils.cpp in Sources */ = {isa = PBXBuildFile; fileRef = 1DD44B91D3D4352731C24CB3 /* include_juce_audio_plugin_client_utils.cpp */; };
		29ABF05E40EA737880B668ED /* include_juce_audio_plugin_client_AU.r in Rez */ = {isa = PBXBuildFile; fileRef = B0CA1790949677DEC331FBD6 /* include_juce_audio_plugin_client_AU.r */; };
		38E59594BEE7C98BA638D17A /* DiscRecording.framework in Frameworks */ = {isa = PBXBuildFile; fileRef = F1B998012FCB5CB517A956D6 /* DiscRecording.framework */; };
		3AB63C5479DC17D26A6A76FF /* WebKit.framework in Frameworks */ = {isa = PBXBuildFile; fileRef = 8836CF33C6182AE7F54B7380 /* WebKit.framework */; };
		46DA492A2068BA3F5A684E11 /* include_juce_gui_extra.mm in Sources */ = {isa = PBXBuildFile; fileRef = 5CA557A88D3A6DFD6CC79010 /* include_juce_gui_extra.mm */; };
		4D7A7DC13C9E068FBA21D0B6 /* CoreAudio.framework in Frameworks */ = {isa = PBXBuildFile; fileRef = 6A2A21D7BFDF0E1F9EA63D64 /* CoreAudio.framework */; };
		5E48C521A564DB5114D16244 /* PluginEditor.cpp in Sources */ = {isa = PBXBuildFile; fileRef = C267202646ECA88E7DAEBD94 /* PluginEditor.cpp */; };
		6833DE6AD1712F3C4D5885B7 /* PluginProcessor.cpp in Sources */ = {isa = PBXBuildFile; fileRef = 174966400E3B1A24F79D84E6 /* PluginProcessor.cpp */; };
		747A78D336EAB8C6A25713B4 /* include_juce_events.mm in Sources */ = {isa = PBXBuildFile; fileRef = 56D2657C11F79304C53B364D /* include_juce_events.mm */; };
		7AF57D7719BE0AE0522AD287 /* include_juce_audio_plugin_client_AU_2.mm in Sources */ = {isa = PBXBuildFile; fileRef = B94B99EFBF0528ECA4DF53B6 /* include_juce_audio_plugin_client_AU_2.mm */; };
		7C5B00DFF9E40C3DCA148A89 /* include_juce_gui_basics.mm in Sources */ = {isa = PBXBuildFile; fileRef = 27A69E208ABB3D2C60ECCCCB /* include_juce_gui_basics.mm */; };
		895328045D4F5788C76F24E4 /* include_juce_audio_utils.mm in Sources */ = {isa = PBXBuildFile; fileRef = D43D70F23FA74962A6495803 /* include_juce_audio_utils.mm */; };
		8B905A457D31F475B85CFB52 /* include_juce_data_structures.mm in Sources */ = {isa = PBXBuildFile; fileRef = ECD50B7A290DE81FC6FFA66C /* include_juce_data_structures.mm */; };
		8F1A0F57FE3D7CE9F46309C4 /* Carbon.framework in Frameworks */ = {isa = PBXBuildFile; fileRef = AF5B429D1E715A3BA16840F6 /* Carbon.framework */; };
		9A38E3A076327873CB427DB9 /* include_juce_audio_plugin_client_Standalone.cpp in Sources */ = {isa = PBXBuildFile; fileRef = 6B8D8779BEF715EC91603E92 /* include_juce_audio_plugin_client_Standalone.cpp */; };
		A5F942465E7B6452533B6DA3 /* IOKit.framework in Frameworks */ = {isa = PBXBuildFile; fileRef = 2C433BA89E0E6CAFEBD74060 /* IOKit.framework */; };
		A7E23ED80EACC63BBB7987F1 /* include_juce_graphics.mm in Sources */ = {isa = PBXBuildFile; fileRef = 738E554DDB64B29BBDEFDB11 /* include_juce_graphics.mm */; };
		AD3AAEE5CB9BD601ED0DBFDF /* CoreAudioKit.framework in Frameworks */ = {isa = PBXBuildFile; fileRef = 7E1A0CC9AF5A47C44227C368 /* CoreAudioKit.framework */; };
		C3AF3635305AD265EF7987AB /* AudioToolbox.framework in Frameworks */ = {isa = PBXBuildFile; fileRef = B129EDD24C1834837D7DBBD4 /* AudioToolbox.framework */; };
		C4825A8DAA4CCA715E4BC6E1 /* include_juce_audio_devices.mm in Sources */ = {isa = PBXBuildFile; fileRef = C41E0987D5D6CB4CF39D0B85 /* include_juce_audio_devices.mm */; };
		C8429C48C724E762AF26799F /* include_juce_audio_plugin_client_VST3.cpp in Sources */ = {isa = PBXBuildFile; fileRef = B36DD6F5C46416C593D6E6D5 /* include_juce_audio_plugin_client_VST3.cpp */; };
		CD614343545E9EC28FC9040F /* include_juce_core.mm in Sources */ = {isa = PBXBuildFile; fileRef = C3C5125425F0135DF47E8AB7 /* include_juce_core.mm */; };
		D4CC05295E7485598D8D4E47 /* Accelerate.framework in Frameworks */ = {isa = PBXBuildFile; fileRef = 503EEF4E0BB7C9BE4733A3BB /* Accelerate.framework */; };
		E2E25303F5A2E18FA34D981A /* CoreMIDI.framework in Frameworks */ = {isa = PBXBuildFile; fileRef = 64F40E95C514560D7BE5D274 /* CoreMIDI.framework */; };
		E78021EAEC0ED876129E51A1 /* include_juce_audio_processors.mm in Sources */ = {isa = PBXBuildFile; fileRef = EDF3E19E25451CC85BED3F1F /* include_juce_audio_processors.mm */; };
		E799CDB50860CD3B957E641E /* include_juce_dsp.mm in Sources */ = {isa = PBXBuildFile; fileRef = 6B004C9A93212538D42590CE /* include_juce_dsp.mm */; };
		F3248181C1A362824A7024D7 /* Cocoa.framework in Frameworks */ = {isa = PBXBuildFile; fileRef = 99A4482BA5180940A547F8A2 /* Cocoa.framework */; };
/* End PBXBuildFile section */

/* Begin PBXContainerItemProxy section */
		284FF54E258BE28500CCC19D /* PBXContainerItemProxy */ = {
			isa = PBXContainerItemProxy;
			containerPortal = 20EC9DE2B3C2FFFEE60EA942 /* Project object */;
			proxyType = 1;
			remoteGlobalIDString = 8674F642FD8C33CFAF4CE7D1;
			remoteInfo = "CompressionProtoyping - Shared Code";
		};
		284FF54F258BE28500CCC19D /* PBXContainerItemProxy */ = {
			isa = PBXContainerItemProxy;
			containerPortal = 20EC9DE2B3C2FFFEE60EA942 /* Project object */;
			proxyType = 1;
			remoteGlobalIDString = 8674F642FD8C33CFAF4CE7D1;
			remoteInfo = "CompressionProtoyping - Shared Code";
		};
		284FF550258BE28500CCC19D /* PBXContainerItemProxy */ = {
			isa = PBXContainerItemProxy;
			containerPortal = 20EC9DE2B3C2FFFEE60EA942 /* Project object */;
			proxyType = 1;
			remoteGlobalIDString = 8674F642FD8C33CFAF4CE7D1;
			remoteInfo = "CompressionProtoyping - Shared Code";
		};
		284FF551258BE28600CCC19D /* PBXContainerItemProxy */ = {
			isa = PBXContainerItemProxy;
			containerPortal = 20EC9DE2B3C2FFFEE60EA942 /* Project object */;
			proxyType = 1;
			remoteGlobalIDString = 60BD686A3D1BA6F77374F87D;
			remoteInfo = "CompressionProtoyping - VST3";
		};
		284FF552258BE28600CCC19D /* PBXContainerItemProxy */ = {
			isa = PBXContainerItemProxy;
			containerPortal = 20EC9DE2B3C2FFFEE60EA942 /* Project object */;
			proxyType = 1;
			remoteGlobalIDString = 7E5C7A19FEDF71E7BEDF0551;
			remoteInfo = "CompressionProtoyping - AU";
		};
		284FF553258BE28600CCC19D /* PBXContainerItemProxy */ = {
			isa = PBXContainerItemProxy;
			containerPortal = 20EC9DE2B3C2FFFEE60EA942 /* Project object */;
			proxyType = 1;
			remoteGlobalIDString = C532C4A600CC4131A4C56C39;
			remoteInfo = "CompressionProtoyping - Standalone Plugin";
		};
		284FF554258BE28600CCC19D /* PBXContainerItemProxy */ = {
			isa = PBXContainerItemProxy;
			containerPortal = 20EC9DE2B3C2FFFEE60EA942 /* Project object */;
			proxyType = 1;
			remoteGlobalIDString = 8674F642FD8C33CFAF4CE7D1;
			remoteInfo = "CompressionProtoyping - Shared Code";
		};
/* End PBXContainerItemProxy section */

/* Begin PBXFileReference section */
		02ECB137CBF003B099D6B801 /* Foundation.framework */ = {isa = PBXFileReference; lastKnownFileType = wrapper.framework; name = Foundation.framework; path = System/Library/Frameworks/Foundation.framework; sourceTree = SDKROOT; };
		0AB0D8B43D5934455EBCC451 /* NewProject.vst3 */ = {isa = PBXFileReference; explicitFileType = wrapper.cfbundle; includeInIndex = 0; path = NewProject.vst3; sourceTree = BUILT_PRODUCTS_DIR; };
		1291D6459E380AA514DFF320 /* PluginProcessor.h */ = {isa = PBXFileReference; lastKnownFileType = sourcecode.c.h; name = PluginProcessor.h; path = ../../Source/PluginProcessor.h; sourceTree = SOURCE_ROOT; };
		1408065BAE04E449D81A3489 /* include_juce_audio_plugin_client_VST_utils.mm */ = {isa = PBXFileReference; lastKnownFileType = sourcecode.cpp.objcpp; name = include_juce_audio_plugin_client_VST_utils.mm; path = ../../JuceLibraryCode/include_juce_audio_plugin_client_VST_utils.mm; sourceTree = SOURCE_ROOT; };
		16AF4EDC729C1342F83A2DAA /* include_juce_audio_basics.mm */ = {isa = PBXFileReference; lastKnownFileType = sourcecode.cpp.objcpp; name = include_juce_audio_basics.mm; path = ../../JuceLibraryCode/include_juce_audio_basics.mm; sourceTree = SOURCE_ROOT; };
		174966400E3B1A24F79D84E6 /* PluginProcessor.cpp */ = {isa = PBXFileReference; lastKnownFileType = sourcecode.cpp.cpp; name = PluginProcessor.cpp; path = ../../Source/PluginProcessor.cpp; sourceTree = SOURCE_ROOT; };
		1846F98733252A0F63471329 /* juce_gui_extra */ = {isa = PBXFileReference; lastKnownFileType = folder; name = juce_gui_extra; path = /Users/land00m/Documents/JUCE/modules/juce_gui_extra; sourceTree = "<absolute>"; };
		1DD44B91D3D4352731C24CB3 /* include_juce_audio_plugin_client_utils.cpp */ = {isa = PBXFileReference; lastKnownFileType = sourcecode.cpp.cpp; name = include_juce_audio_plugin_client_utils.cpp; path = ../../JuceLibraryCode/include_juce_audio_plugin_client_utils.cpp; sourceTree = SOURCE_ROOT; };
		22144939D7C32071B74EA355 /* juce_events */ = {isa = PBXFileReference; lastKnownFileType = folder; name = juce_events; path = /Users/land00m/Documents/JUCE/modules/juce_events; sourceTree = "<absolute>"; };
		2667484F23E16BC4923919CD /* PluginEditor.h */ = {isa = PBXFileReference; lastKnownFileType = sourcecode.c.h; name = PluginEditor.h; path = ../../Source/PluginEditor.h; sourceTree = SOURCE_ROOT; };
		27A69E208ABB3D2C60ECCCCB /* include_juce_gui_basics.mm */ = {isa = PBXFileReference; lastKnownFileType = sourcecode.cpp.objcpp; name = include_juce_gui_basics.mm; path = ../../JuceLibraryCode/include_juce_gui_basics.mm; sourceTree = SOURCE_ROOT; };
		28BA735C09EC6EBAFAB7137A /* juce_audio_basics */ = {isa = PBXFileReference; lastKnownFileType = folder; name = juce_audio_basics; path = /Users/land00m/Documents/JUCE/modules/juce_audio_basics; sourceTree = "<absolute>"; };
		2A1008B141E72FF2F6CFB210 /* NewProject.component */ = {isa = PBXFileReference; explicitFileType = wrapper.cfbundle; includeInIndex = 0; path = NewProject.component; sourceTree = BUILT_PRODUCTS_DIR; };
		2A9025BE698C8938B9AEB3A9 /* Info-VST3.plist */ = {isa = PBXFileReference; lastKnownFileType = text.plist.xml; path = "Info-VST3.plist"; sourceTree = SOURCE_ROOT; };
		2AA7050589D127176F4D1634 /* juce_dsp */ = {isa = PBXFileReference; lastKnownFileType = folder; name = juce_dsp; path = /Users/land00m/Documents/JUCE/modules/juce_dsp; sourceTree = "<absolute>"; };
		2C433BA89E0E6CAFEBD74060 /* IOKit.framework */ = {isa = PBXFileReference; lastKnownFileType = wrapper.framework; name = IOKit.framework; path = System/Library/Frameworks/IOKit.framework; sourceTree = SDKROOT; };
		503EEF4E0BB7C9BE4733A3BB /* Accelerate.framework */ = {isa = PBXFileReference; lastKnownFileType = wrapper.framework; name = Accelerate.framework; path = System/Library/Frameworks/Accelerate.framework; sourceTree = SDKROOT; };
		55D140F866E8C0F4FB1021E5 /* Info-Standalone_Plugin.plist */ = {isa = PBXFileReference; lastKnownFileType = text.plist.xml; path = "Info-Standalone_Plugin.plist"; sourceTree = SOURCE_ROOT; };
		56D2657C11F79304C53B364D /* include_juce_events.mm */ = {isa = PBXFileReference; lastKnownFileType = sourcecode.cpp.objcpp; name = include_juce_events.mm; path = ../../JuceLibraryCode/include_juce_events.mm; sourceTree = SOURCE_ROOT; };
		5CA557A88D3A6DFD6CC79010 /* include_juce_gui_extra.mm */ = {isa = PBXFileReference; lastKnownFileType = sourcecode.cpp.objcpp; name = include_juce_gui_extra.mm; path = ../../JuceLibraryCode/include_juce_gui_extra.mm; sourceTree = SOURCE_ROOT; };
		5E6E1DBD1A3E4602FD2A26AE /* juce_core */ = {isa = PBXFileReference; lastKnownFileType = folder; name = juce_core; path = /Users/land00m/Documents/JUCE/modules/juce_core; sourceTree = "<absolute>"; };
		64F40E95C514560D7BE5D274 /* CoreMIDI.framework */ = {isa = PBXFileReference; lastKnownFileType = wrapper.framework; name = CoreMIDI.framework; path = System/Library/Frameworks/CoreMIDI.framework; sourceTree = SDKROOT; };
		66115F6AA1288FADD865D0FC /* include_juce_audio_formats.mm */ = {isa = PBXFileReference; lastKnownFileType = sourcecode.cpp.objcpp; name = include_juce_audio_formats.mm; path = ../../JuceLibraryCode/include_juce_audio_formats.mm; sourceTree = SOURCE_ROOT; };
		68536AAA2C886B7BF3B62454 /* JuceHeader.h */ = {isa = PBXFileReference; lastKnownFileType = sourcecode.c.h; name = JuceHeader.h; path = ../../JuceLibraryCode/JuceHeader.h; sourceTree = SOURCE_ROOT; };
		6A2A21D7BFDF0E1F9EA63D64 /* CoreAudio.framework */ = {isa = PBXFileReference; lastKnownFileType = wrapper.framework; name = CoreAudio.framework; path = System/Library/Frameworks/CoreAudio.framework; sourceTree = SDKROOT; };
		6B004C9A93212538D42590CE /* include_juce_dsp.mm */ = {isa = PBXFileReference; lastKnownFileType = sourcecode.cpp.objcpp; name = include_juce_dsp.mm; path = ../../JuceLibraryCode/include_juce_dsp.mm; sourceTree = SOURCE_ROOT; };
		6B8D8779BEF715EC91603E92 /* include_juce_audio_plugin_client_Standalone.cpp */ = {isa = PBXFileReference; lastKnownFileType = sourcecode.cpp.cpp; name = include_juce_audio_plugin_client_Standalone.cpp; path = ../../JuceLibraryCode/include_juce_audio_plugin_client_Standalone.cpp; sourceTree = SOURCE_ROOT; };
		702CA00ACBE49DDBCDBEF04B /* juce_gui_basics */ = {isa = PBXFileReference; lastKnownFileType = folder; name = juce_gui_basics; path = /Users/land00m/Documents/JUCE/modules/juce_gui_basics; sourceTree = "<absolute>"; };
		738E554DDB64B29BBDEFDB11 /* include_juce_graphics.mm */ = {isa = PBXFileReference; lastKnownFileType = sourcecode.cpp.objcpp; name = include_juce_graphics.mm; path = ../../JuceLibraryCode/include_juce_graphics.mm; sourceTree = SOURCE_ROOT; };
		755D29D85CC23C0625A46322 /* libNewProject.a */ = {isa = PBXFileReference; explicitFileType = archive.ar; includeInIndex = 0; path = libNewProject.a; sourceTree = BUILT_PRODUCTS_DIR; };
		7E1A0CC9AF5A47C44227C368 /* CoreAudioKit.framework */ = {isa = PBXFileReference; lastKnownFileType = wrapper.framework; name = CoreAudioKit.framework; path = System/Library/Frameworks/CoreAudioKit.framework; sourceTree = SDKROOT; };
		8836CF33C6182AE7F54B7380 /* WebKit.framework */ = {isa = PBXFileReference; lastKnownFileType = wrapper.framework; name = WebKit.framework; path = System/Library/Frameworks/WebKit.framework; sourceTree = SDKROOT; };
		885B57F5113CA52241848693 /* juce_audio_plugin_client */ = {isa = PBXFileReference; lastKnownFileType = folder; name = juce_audio_plugin_client; path = /Users/land00m/Documents/JUCE/modules/juce_audio_plugin_client; sourceTree = "<absolute>"; };
		88F096EAC472B1CB76EE8B1E /* juce_data_structures */ = {isa = PBXFileReference; lastKnownFileType = folder; name = juce_data_structures; path = /Users/land00m/Documents/JUCE/modules/juce_data_structures; sourceTree = "<absolute>"; };
		95B34347FEE0909C5A2A9756 /* AudioUnit.framework */ = {isa = PBXFileReference; lastKnownFileType = wrapper.framework; name = AudioUnit.framework; path = System/Library/Frameworks/AudioUnit.framework; sourceTree = SDKROOT; };
		98D92A9190FE6A9CD3C125DE /* NewProject.app */ = {isa = PBXFileReference; explicitFileType = wrapper.application; includeInIndex = 0; path = NewProject.app; sourceTree = BUILT_PRODUCTS_DIR; };
		99A4482BA5180940A547F8A2 /* Cocoa.framework */ = {isa = PBXFileReference; lastKnownFileType = wrapper.framework; name = Cocoa.framework; path = System/Library/Frameworks/Cocoa.framework; sourceTree = SDKROOT; };
		AAAFC7498E56596D4E676D02 /* juce_audio_processors */ = {isa = PBXFileReference; lastKnownFileType = folder; name = juce_audio_processors; path = /Users/land00m/Documents/JUCE/modules/juce_audio_processors; sourceTree = "<absolute>"; };
		ABBBACEBC6FDF4DF8370D335 /* juce_graphics */ = {isa = PBXFileReference; lastKnownFileType = folder; name = juce_graphics; path = /Users/land00m/Documents/JUCE/modules/juce_graphics; sourceTree = "<absolute>"; };
		AF5B429D1E715A3BA16840F6 /* Carbon.framework */ = {isa = PBXFileReference; lastKnownFileType = wrapper.framework; name = Carbon.framework; path = System/Library/Frameworks/Carbon.framework; sourceTree = SDKROOT; };
		B0CA1790949677DEC331FBD6 /* include_juce_audio_plugin_client_AU.r */ = {isa = PBXFileReference; lastKnownFileType = file.r; name = include_juce_audio_plugin_client_AU.r; path = ../../JuceLibraryCode/include_juce_audio_plugin_client_AU.r; sourceTree = SOURCE_ROOT; };
		B129EDD24C1834837D7DBBD4 /* AudioToolbox.framework */ = {isa = PBXFileReference; lastKnownFileType = wrapper.framework; name = AudioToolbox.framework; path = System/Library/Frameworks/AudioToolbox.framework; sourceTree = SDKROOT; };
		B36DD6F5C46416C593D6E6D5 /* include_juce_audio_plugin_client_VST3.cpp */ = {isa = PBXFileReference; lastKnownFileType = sourcecode.cpp.cpp; name = include_juce_audio_plugin_client_VST3.cpp; path = ../../JuceLibraryCode/include_juce_audio_plugin_client_VST3.cpp; sourceTree = SOURCE_ROOT; };
		B5A415D9C488ACFC4FC06A5A /* RecentFilesMenuTemplate.nib */ = {isa = PBXFileReference; lastKnownFileType = file.nib; path = RecentFilesMenuTemplate.nib; sourceTree = SOURCE_ROOT; };
		B94B99EFBF0528ECA4DF53B6 /* include_juce_audio_plugin_client_AU_2.mm */ = {isa = PBXFileReference; lastKnownFileType = sourcecode.cpp.objcpp; name = include_juce_audio_plugin_client_AU_2.mm; path = ../../JuceLibraryCode/include_juce_audio_plugin_client_AU_2.mm; sourceTree = SOURCE_ROOT; };
		C0DB8647EB5BDD6335F14BCC /* QuartzCore.framework */ = {isa = PBXFileReference; lastKnownFileType = wrapper.framework; name = QuartzCore.framework; path = System/Library/Frameworks/QuartzCore.framework; sourceTree = SDKROOT; };
		C267202646ECA88E7DAEBD94 /* PluginEditor.cpp */ = {isa = PBXFileReference; lastKnownFileType = sourcecode.cpp.cpp; name = PluginEditor.cpp; path = ../../Source/PluginEditor.cpp; sourceTree = SOURCE_ROOT; };
		C3C5125425F0135DF47E8AB7 /* include_juce_core.mm */ = {isa = PBXFileReference; lastKnownFileType = sourcecode.cpp.objcpp; name = include_juce_core.mm; path = ../../JuceLibraryCode/include_juce_core.mm; sourceTree = SOURCE_ROOT; };
		C41E0987D5D6CB4CF39D0B85 /* include_juce_audio_devices.mm */ = {isa = PBXFileReference; lastKnownFileType = sourcecode.cpp.objcpp; name = include_juce_audio_devices.mm; path = ../../JuceLibraryCode/include_juce_audio_devices.mm; sourceTree = SOURCE_ROOT; };
		C53EACD353AAF6A33A72D37A /* JucePluginDefines.h */ = {isa = PBXFileReference; lastKnownFileType = sourcecode.c.h; name = JucePluginDefines.h; path = ../../JuceLibraryCode/JucePluginDefines.h; sourceTree = SOURCE_ROOT; };
		D43D70F23FA74962A6495803 /* include_juce_audio_utils.mm */ = {isa = PBXFileReference; lastKnownFileType = sourcecode.cpp.objcpp; name = include_juce_audio_utils.mm; path = ../../JuceLibraryCode/include_juce_audio_utils.mm; sourceTree = SOURCE_ROOT; };
		DCCFA7C486F407513A26E454 /* include_juce_audio_plugin_client_AU_1.mm */ = {isa = PBXFileReference; lastKnownFileType = sourcecode.cpp.objcpp; name = include_juce_audio_plugin_client_AU_1.mm; path = ../../JuceLibraryCode/include_juce_audio_plugin_client_AU_1.mm; sourceTree = SOURCE_ROOT; };
		E699DE8E9F1677B8F853DA08 /* juce_audio_devices */ = {isa = PBXFileReference; lastKnownFileType = folder; name = juce_audio_devices; path = /Users/land00m/Documents/JUCE/modules/juce_audio_devices; sourceTree = "<absolute>"; };
		E8D5D414F05EAAD85F4BE20E /* juce_audio_utils */ = {isa = PBXFileReference; lastKnownFileType = folder; name = juce_audio_utils; path = /Users/land00m/Documents/JUCE/modules/juce_audio_utils; sourceTree = "<absolute>"; };
		ECD50B7A290DE81FC6FFA66C /* include_juce_data_structures.mm */ = {isa = PBXFileReference; lastKnownFileType = sourcecode.cpp.objcpp; name = include_juce_data_structures.mm; path = ../../JuceLibraryCode/include_juce_data_structures.mm; sourceTree = SOURCE_ROOT; };
		EDF3E19E25451CC85BED3F1F /* include_juce_audio_processors.mm */ = {isa = PBXFileReference; lastKnownFileType = sourcecode.cpp.objcpp; name = include_juce_audio_processors.mm; path = ../../JuceLibraryCode/include_juce_audio_processors.mm; sourceTree = SOURCE_ROOT; };
		F1B998012FCB5CB517A956D6 /* DiscRecording.framework */ = {isa = PBXFileReference; lastKnownFileType = wrapper.framework; name = DiscRecording.framework; path = System/Library/Frameworks/DiscRecording.framework; sourceTree = SDKROOT; };
		F4DE9B8CCF14FFC6790A4519 /* Info-AU.plist */ = {isa = PBXFileReference; lastKnownFileType = text.plist.xml; path = "Info-AU.plist"; sourceTree = SOURCE_ROOT; };
		F70C76BF6A707180E8931C7B /* juce_audio_formats */ = {isa = PBXFileReference; lastKnownFileType = folder; name = juce_audio_formats; path = /Users/land00m/Documents/JUCE/modules/juce_audio_formats; sourceTree = "<absolute>"; };
/* End PBXFileReference section */

/* Begin PBXFrameworksBuildPhase section */
		81A25EA588DFDDE74DED1F78 /* Frameworks */ = {
			isa = PBXFrameworksBuildPhase;
			buildActionMask = 2147483647;
			files = (
				283211C278CE2878C1FD1712 /* AudioUnit.framework in Frameworks */,
				284FF535258BE28100CCC19D /* Accelerate.framework in Frameworks */,
				284FF536258BE28100CCC19D /* AudioToolbox.framework in Frameworks */,
				284FF537258BE28100CCC19D /* Carbon.framework in Frameworks */,
				284FF538258BE28100CCC19D /* Cocoa.framework in Frameworks */,
				284FF539258BE28100CCC19D /* CoreAudio.framework in Frameworks */,
				284FF53A258BE28100CCC19D /* CoreAudioKit.framework in Frameworks */,
				284FF53B258BE28100CCC19D /* CoreMIDI.framework in Frameworks */,
				284FF53C258BE28100CCC19D /* DiscRecording.framework in Frameworks */,
				284FF53D258BE28100CCC19D /* Foundation.framework in Frameworks */,
				284FF53E258BE28100CCC19D /* IOKit.framework in Frameworks */,
				284FF53F258BE28100CCC19D /* QuartzCore.framework in Frameworks */,
				284FF540258BE28100CCC19D /* WebKit.framework in Frameworks */,
			);
			runOnlyForDeploymentPostprocessing = 0;
		};
		8D1172FF1860C23618ADFA42 /* Frameworks */ = {
			isa = PBXFrameworksBuildPhase;
			buildActionMask = 2147483647;
			files = (
				D4CC05295E7485598D8D4E47 /* Accelerate.framework in Frameworks */,
				C3AF3635305AD265EF7987AB /* AudioToolbox.framework in Frameworks */,
				8F1A0F57FE3D7CE9F46309C4 /* Carbon.framework in Frameworks */,
				F3248181C1A362824A7024D7 /* Cocoa.framework in Frameworks */,
				4D7A7DC13C9E068FBA21D0B6 /* CoreAudio.framework in Frameworks */,
				AD3AAEE5CB9BD601ED0DBFDF /* CoreAudioKit.framework in Frameworks */,
				E2E25303F5A2E18FA34D981A /* CoreMIDI.framework in Frameworks */,
				38E59594BEE7C98BA638D17A /* DiscRecording.framework in Frameworks */,
				117BB6649EAB5F5C4B04297E /* Foundation.framework in Frameworks */,
				A5F942465E7B6452533B6DA3 /* IOKit.framework in Frameworks */,
				2890CA1EA2451B4A68CC4042 /* QuartzCore.framework in Frameworks */,
				3AB63C5479DC17D26A6A76FF /* WebKit.framework in Frameworks */,
			);
			runOnlyForDeploymentPostprocessing = 0;
		};
		E36119B65B4ECD621D4FBFFE /* Frameworks */ = {
			isa = PBXFrameworksBuildPhase;
			buildActionMask = 2147483647;
			files = (
				284FF542258BE28100CCC19D /* Accelerate.framework in Frameworks */,
				284FF543258BE28100CCC19D /* AudioToolbox.framework in Frameworks */,
				284FF544258BE28100CCC19D /* Carbon.framework in Frameworks */,
				284FF545258BE28100CCC19D /* Cocoa.framework in Frameworks */,
				284FF546258BE28100CCC19D /* CoreAudio.framework in Frameworks */,
				284FF547258BE28100CCC19D /* CoreAudioKit.framework in Frameworks */,
				284FF548258BE28100CCC19D /* CoreMIDI.framework in Frameworks */,
				284FF549258BE28100CCC19D /* DiscRecording.framework in Frameworks */,
				284FF54A258BE28100CCC19D /* Foundation.framework in Frameworks */,
				284FF54B258BE28100CCC19D /* IOKit.framework in Frameworks */,
				284FF54C258BE28100CCC19D /* QuartzCore.framework in Frameworks */,
				284FF54D258BE28100CCC19D /* WebKit.framework in Frameworks */,
			);
			runOnlyForDeploymentPostprocessing = 0;
		};
/* End PBXFrameworksBuildPhase section */

/* Begin PBXGroup section */
		1301B64B750E71ACE65E0829 /* Source */ = {
			isa = PBXGroup;
			children = (
				174966400E3B1A24F79D84E6 /* PluginProcessor.cpp */,
				1291D6459E380AA514DFF320 /* PluginProcessor.h */,
				C267202646ECA88E7DAEBD94 /* PluginEditor.cpp */,
				2667484F23E16BC4923919CD /* PluginEditor.h */,
			);
			name = Source;
			sourceTree = "<group>";
		};
		4417EB433474E4830F34E69D /* Source */ = {
			isa = PBXGroup;
			children = (
				943A14DFCB441CFB2F0F7F74 /* CompressionProtoyping */,
				5E3D5BB7511DA3C4BEE580DD /* JUCE Modules */,
				821367A344A2D1E1863F75F3 /* JUCE Library Code */,
				E8C7834DC4E27962B66AA6E9 /* Resources */,
				DDDC37A97D0544F00F47E910 /* Frameworks */,
				6FAB41A9CBAC8DED9ECE6943 /* Products */,
			);
			name = Source;
			sourceTree = "<group>";
		};
		5E3D5BB7511DA3C4BEE580DD /* JUCE Modules */ = {
			isa = PBXGroup;
			children = (
				28BA735C09EC6EBAFAB7137A /* juce_audio_basics */,
				E699DE8E9F1677B8F853DA08 /* juce_audio_devices */,
				F70C76BF6A707180E8931C7B /* juce_audio_formats */,
				885B57F5113CA52241848693 /* juce_audio_plugin_client */,
				AAAFC7498E56596D4E676D02 /* juce_audio_processors */,
				E8D5D414F05EAAD85F4BE20E /* juce_audio_utils */,
				5E6E1DBD1A3E4602FD2A26AE /* juce_core */,
				88F096EAC472B1CB76EE8B1E /* juce_data_structures */,
				2AA7050589D127176F4D1634 /* juce_dsp */,
				22144939D7C32071B74EA355 /* juce_events */,
				ABBBACEBC6FDF4DF8370D335 /* juce_graphics */,
				702CA00ACBE49DDBCDBEF04B /* juce_gui_basics */,
				1846F98733252A0F63471329 /* juce_gui_extra */,
			);
			name = "JUCE Modules";
			sourceTree = "<group>";
		};
		6FAB41A9CBAC8DED9ECE6943 /* Products */ = {
			isa = PBXGroup;
			children = (
				0AB0D8B43D5934455EBCC451 /* NewProject.vst3 */,
				2A1008B141E72FF2F6CFB210 /* NewProject.component */,
				98D92A9190FE6A9CD3C125DE /* NewProject.app */,
				755D29D85CC23C0625A46322 /* libNewProject.a */,
			);
			name = Products;
			sourceTree = "<group>";
		};
		821367A344A2D1E1863F75F3 /* JUCE Library Code */ = {
			isa = PBXGroup;
			children = (
				16AF4EDC729C1342F83A2DAA /* include_juce_audio_basics.mm */,
				C41E0987D5D6CB4CF39D0B85 /* include_juce_audio_devices.mm */,
				66115F6AA1288FADD865D0FC /* include_juce_audio_formats.mm */,
				B0CA1790949677DEC331FBD6 /* include_juce_audio_plugin_client_AU.r */,
				DCCFA7C486F407513A26E454 /* include_juce_audio_plugin_client_AU_1.mm */,
				B94B99EFBF0528ECA4DF53B6 /* include_juce_audio_plugin_client_AU_2.mm */,
				6B8D8779BEF715EC91603E92 /* include_juce_audio_plugin_client_Standalone.cpp */,
				1DD44B91D3D4352731C24CB3 /* include_juce_audio_plugin_client_utils.cpp */,
				1408065BAE04E449D81A3489 /* include_juce_audio_plugin_client_VST_utils.mm */,
				B36DD6F5C46416C593D6E6D5 /* include_juce_audio_plugin_client_VST3.cpp */,
				EDF3E19E25451CC85BED3F1F /* include_juce_audio_processors.mm */,
				D43D70F23FA74962A6495803 /* include_juce_audio_utils.mm */,
				C3C5125425F0135DF47E8AB7 /* include_juce_core.mm */,
				ECD50B7A290DE81FC6FFA66C /* include_juce_data_structures.mm */,
				6B004C9A93212538D42590CE /* include_juce_dsp.mm */,
				56D2657C11F79304C53B364D /* include_juce_events.mm */,
				738E554DDB64B29BBDEFDB11 /* include_juce_graphics.mm */,
				27A69E208ABB3D2C60ECCCCB /* include_juce_gui_basics.mm */,
				5CA557A88D3A6DFD6CC79010 /* include_juce_gui_extra.mm */,
				68536AAA2C886B7BF3B62454 /* JuceHeader.h */,
				C53EACD353AAF6A33A72D37A /* JucePluginDefines.h */,
			);
			name = "JUCE Library Code";
			sourceTree = "<group>";
		};
		943A14DFCB441CFB2F0F7F74 /* CompressionProtoyping */ = {
			isa = PBXGroup;
			children = (
				1301B64B750E71ACE65E0829 /* Source */,
			);
			name = CompressionProtoyping;
			sourceTree = "<group>";
		};
		DDDC37A97D0544F00F47E910 /* Frameworks */ = {
			isa = PBXGroup;
			children = (
				95B34347FEE0909C5A2A9756 /* AudioUnit.framework */,
				503EEF4E0BB7C9BE4733A3BB /* Accelerate.framework */,
				B129EDD24C1834837D7DBBD4 /* AudioToolbox.framework */,
				AF5B429D1E715A3BA16840F6 /* Carbon.framework */,
				99A4482BA5180940A547F8A2 /* Cocoa.framework */,
				6A2A21D7BFDF0E1F9EA63D64 /* CoreAudio.framework */,
				7E1A0CC9AF5A47C44227C368 /* CoreAudioKit.framework */,
				64F40E95C514560D7BE5D274 /* CoreMIDI.framework */,
				F1B998012FCB5CB517A956D6 /* DiscRecording.framework */,
				02ECB137CBF003B099D6B801 /* Foundation.framework */,
				2C433BA89E0E6CAFEBD74060 /* IOKit.framework */,
				C0DB8647EB5BDD6335F14BCC /* QuartzCore.framework */,
				8836CF33C6182AE7F54B7380 /* WebKit.framework */,
			);
			name = Frameworks;
			sourceTree = "<group>";
		};
		E8C7834DC4E27962B66AA6E9 /* Resources */ = {
			isa = PBXGroup;
			children = (
				2A9025BE698C8938B9AEB3A9 /* Info-VST3.plist */,
				F4DE9B8CCF14FFC6790A4519 /* Info-AU.plist */,
				55D140F866E8C0F4FB1021E5 /* Info-Standalone_Plugin.plist */,
				B5A415D9C488ACFC4FC06A5A /* RecentFilesMenuTemplate.nib */,
			);
			name = Resources;
			sourceTree = "<group>";
		};
/* End PBXGroup section */

/* Begin PBXNativeTarget section */
		60BD686A3D1BA6F77374F87D /* CompressionProtoyping - VST3 */ = {
			isa = PBXNativeTarget;
			buildConfigurationList = 2D04916F3D306FEFC92B2411 /* Build configuration list for PBXNativeTarget "CompressionProtoyping - VST3" */;
			buildPhases = (
				7C05D5B280BC2C4B0DE952E3 /* Resources */,
				3F5D41AE770D4DF42369B5B8 /* Sources */,
				8D1172FF1860C23618ADFA42 /* Frameworks */,
			);
			buildRules = (
			);
			dependencies = (
				FD574D42F272757F2603C82E /* PBXTargetDependency */,
			);
			name = "CompressionProtoyping - VST3";
			productName = CompressionProtoyping;
			productReference = 0AB0D8B43D5934455EBCC451 /* NewProject.vst3 */;
			productType = "com.apple.product-type.bundle";
		};
		7E5C7A19FEDF71E7BEDF0551 /* CompressionProtoyping - AU */ = {
			isa = PBXNativeTarget;
			buildConfigurationList = AF846A5D41CABD97DC221178 /* Build configuration list for PBXNativeTarget "CompressionProtoyping - AU" */;
			buildPhases = (
				9848EAE532874672957C1997 /* Resources */,
				9CF7C8EC008E174A3DEAA5D3 /* Rez */,
				4D040004FD6796642C55AD20 /* Sources */,
				81A25EA588DFDDE74DED1F78 /* Frameworks */,
			);
			buildRules = (
			);
			dependencies = (
				2F0E784137DCF3113D4A0339 /* PBXTargetDependency */,
			);
			name = "CompressionProtoyping - AU";
			productName = CompressionProtoyping;
			productReference = 2A1008B141E72FF2F6CFB210 /* NewProject.component */;
			productType = "com.apple.product-type.bundle";
		};
		8674F642FD8C33CFAF4CE7D1 /* CompressionProtoyping - Shared Code */ = {
			isa = PBXNativeTarget;
			buildConfigurationList = 8B22724FB5E1F287EEA10526 /* Build configuration list for PBXNativeTarget "CompressionProtoyping - Shared Code" */;
			buildPhases = (
				4A5A0E97E81D35CA3BBC5504 /* Sources */,
			);
			buildRules = (
			);
			dependencies = (
			);
			name = "CompressionProtoyping - Shared Code";
			productName = CompressionProtoyping;
			productReference = 755D29D85CC23C0625A46322 /* libNewProject.a */;
			productType = "com.apple.product-type.library.static";
		};
		C532C4A600CC4131A4C56C39 /* CompressionProtoyping - Standalone Plugin */ = {
			isa = PBXNativeTarget;
			buildConfigurationList = 4AED521805948148EAA0E926 /* Build configuration list for PBXNativeTarget "CompressionProtoyping - Standalone Plugin" */;
			buildPhases = (
				FEAA53AF753BA6CB17717CDA /* Resources */,
				C245C04FD4A65988A8A4647F /* Sources */,
				E36119B65B4ECD621D4FBFFE /* Frameworks */,
			);
			buildRules = (
			);
			dependencies = (
				134232CFFE87177E551062A7 /* PBXTargetDependency */,
			);
			name = "CompressionProtoyping - Standalone Plugin";
			productName = CompressionProtoyping;
			productReference = 98D92A9190FE6A9CD3C125DE /* NewProject.app */;
			productType = "com.apple.product-type.application";
		};
/* End PBXNativeTarget section */

/* Begin PBXProject section */
		20EC9DE2B3C2FFFEE60EA942 /* Project object */ = {
			isa = PBXProject;
			attributes = {
				LastUpgradeCheck = 1200;
				ORGANIZATIONNAME = "";
				TargetAttributes = {
					60BD686A3D1BA6F77374F87D = {
						SystemCapabilities = {
							com.apple.ApplicationGroups.iOS = {
								enabled = 0;
							};
							com.apple.HardenedRuntime = {
								enabled = 0;
							};
							com.apple.InAppPurchase = {
								enabled = 0;
							};
							com.apple.InterAppAudio = {
								enabled = 0;
							};
							com.apple.Push = {
								enabled = 0;
							};
							com.apple.Sandbox = {
								enabled = 0;
							};
						};
					};
					7E5C7A19FEDF71E7BEDF0551 = {
						SystemCapabilities = {
							com.apple.ApplicationGroups.iOS = {
								enabled = 0;
							};
							com.apple.HardenedRuntime = {
								enabled = 0;
							};
							com.apple.InAppPurchase = {
								enabled = 0;
							};
							com.apple.InterAppAudio = {
								enabled = 0;
							};
							com.apple.Push = {
								enabled = 0;
							};
							com.apple.Sandbox = {
								enabled = 0;
							};
						};
					};
					8674F642FD8C33CFAF4CE7D1 = {
						SystemCapabilities = {
							com.apple.ApplicationGroups.iOS = {
								enabled = 0;
							};
							com.apple.HardenedRuntime = {
								enabled = 0;
							};
							com.apple.InAppPurchase = {
								enabled = 0;
							};
							com.apple.InterAppAudio = {
								enabled = 0;
							};
							com.apple.Push = {
								enabled = 0;
							};
							com.apple.Sandbox = {
								enabled = 0;
							};
						};
					};
					967F17866F7666E4A59A2885 = {
						SystemCapabilities = {
							com.apple.ApplicationGroups.iOS = {
								enabled = 0;
							};
							com.apple.HardenedRuntime = {
								enabled = 0;
							};
							com.apple.InAppPurchase = {
								enabled = 0;
							};
							com.apple.InterAppAudio = {
								enabled = 0;
							};
							com.apple.Push = {
								enabled = 0;
							};
							com.apple.Sandbox = {
								enabled = 0;
							};
						};
					};
					C532C4A600CC4131A4C56C39 = {
						SystemCapabilities = {
							com.apple.ApplicationGroups.iOS = {
								enabled = 0;
							};
							com.apple.HardenedRuntime = {
								enabled = 0;
							};
							com.apple.InAppPurchase = {
								enabled = 0;
							};
							com.apple.InterAppAudio = {
								enabled = 0;
							};
							com.apple.Push = {
								enabled = 0;
							};
							com.apple.Sandbox = {
								enabled = 0;
							};
						};
					};
				};
			};
			buildConfigurationList = E1B14AB956B5A9A4AB828DD2 /* Build configuration list for PBXProject "CompressionProtoyping" */;
			compatibilityVersion = "Xcode 3.2";
			developmentRegion = en;
			hasScannedForEncodings = 0;
			knownRegions = (
				en,
				Base,
			);
			mainGroup = 4417EB433474E4830F34E69D /* Source */;
			projectDirPath = "";
			projectRoot = "";
			targets = (
				967F17866F7666E4A59A2885 /* CompressionProtoyping - All */,
				60BD686A3D1BA6F77374F87D /* CompressionProtoyping - VST3 */,
				7E5C7A19FEDF71E7BEDF0551 /* CompressionProtoyping - AU */,
				C532C4A600CC4131A4C56C39 /* CompressionProtoyping - Standalone Plugin */,
				8674F642FD8C33CFAF4CE7D1 /* CompressionProtoyping - Shared Code */,
			);
		};
/* End PBXProject section */

/* Begin PBXResourcesBuildPhase section */
		7C05D5B280BC2C4B0DE952E3 /* Resources */ = {
			isa = PBXResourcesBuildPhase;
			buildActionMask = 2147483647;
			files = (
				20FBC712B914FD0602B51CF6 /* RecentFilesMenuTemplate.nib in Resources */,
			);
			runOnlyForDeploymentPostprocessing = 0;
		};
		9848EAE532874672957C1997 /* Resources */ = {
			isa = PBXResourcesBuildPhase;
			buildActionMask = 2147483647;
			files = (
				284FF534258BE28100CCC19D /* RecentFilesMenuTemplate.nib in Resources */,
			);
			runOnlyForDeploymentPostprocessing = 0;
		};
		FEAA53AF753BA6CB17717CDA /* Resources */ = {
			isa = PBXResourcesBuildPhase;
			buildActionMask = 2147483647;
			files = (
				284FF541258BE28100CCC19D /* RecentFilesMenuTemplate.nib in Resources */,
			);
			runOnlyForDeploymentPostprocessing = 0;
		};
/* End PBXResourcesBuildPhase section */

/* Begin PBXRezBuildPhase section */
		9CF7C8EC008E174A3DEAA5D3 /* Rez */ = {
			isa = PBXRezBuildPhase;
			buildActionMask = 2147483647;
			files = (
				29ABF05E40EA737880B668ED /* include_juce_audio_plugin_client_AU.r in Rez */,
			);
			runOnlyForDeploymentPostprocessing = 0;
		};
/* End PBXRezBuildPhase section */

/* Begin PBXSourcesBuildPhase section */
		3F5D41AE770D4DF42369B5B8 /* Sources */ = {
			isa = PBXSourcesBuildPhase;
			buildActionMask = 2147483647;
			files = (
				C8429C48C724E762AF26799F /* include_juce_audio_plugin_client_VST3.cpp in Sources */,
			);
			runOnlyForDeploymentPostprocessing = 0;
		};
		4A5A0E97E81D35CA3BBC5504 /* Sources */ = {
			isa = PBXSourcesBuildPhase;
			buildActionMask = 2147483647;
			files = (
				6833DE6AD1712F3C4D5885B7 /* PluginProcessor.cpp in Sources */,
				5E48C521A564DB5114D16244 /* PluginEditor.cpp in Sources */,
				15F500086C086D8200D41BAC /* include_juce_audio_basics.mm in Sources */,
				C4825A8DAA4CCA715E4BC6E1 /* include_juce_audio_devices.mm in Sources */,
				111382C2B8FF1040F2BBBF59 /* include_juce_audio_formats.mm in Sources */,
				28C1876528BB3DC78AA9079D /* include_juce_audio_plugin_client_utils.cpp in Sources */,
				130556A054658A4CB81B7EE5 /* include_juce_audio_plugin_client_VST_utils.mm in Sources */,
				E78021EAEC0ED876129E51A1 /* include_juce_audio_processors.mm in Sources */,
				895328045D4F5788C76F24E4 /* include_juce_audio_utils.mm in Sources */,
				CD614343545E9EC28FC9040F /* include_juce_core.mm in Sources */,
				8B905A457D31F475B85CFB52 /* include_juce_data_structures.mm in Sources */,
				E799CDB50860CD3B957E641E /* include_juce_dsp.mm in Sources */,
				747A78D336EAB8C6A25713B4 /* include_juce_events.mm in Sources */,
				A7E23ED80EACC63BBB7987F1 /* include_juce_graphics.mm in Sources */,
				7C5B00DFF9E40C3DCA148A89 /* include_juce_gui_basics.mm in Sources */,
				46DA492A2068BA3F5A684E11 /* include_juce_gui_extra.mm in Sources */,
			);
			runOnlyForDeploymentPostprocessing = 0;
		};
		4D040004FD6796642C55AD20 /* Sources */ = {
			isa = PBXSourcesBuildPhase;
			buildActionMask = 2147483647;
			files = (
				00CDCF76BC86BFC8FD40D719 /* include_juce_audio_plugin_client_AU_1.mm in Sources */,
				7AF57D7719BE0AE0522AD287 /* include_juce_audio_plugin_client_AU_2.mm in Sources */,
			);
			runOnlyForDeploymentPostprocessing = 0;
		};
		C245C04FD4A65988A8A4647F /* Sources */ = {
			isa = PBXSourcesBuildPhase;
			buildActionMask = 2147483647;
			files = (
				9A38E3A076327873CB427DB9 /* include_juce_audio_plugin_client_Standalone.cpp in Sources */,
			);
			runOnlyForDeploymentPostprocessing = 0;
		};
/* End PBXSourcesBuildPhase section */

/* Begin PBXTargetDependency section */
		134232CFFE87177E551062A7 /* PBXTargetDependency */ = {
			isa = PBXTargetDependency;
			target = 8674F642FD8C33CFAF4CE7D1 /* CompressionProtoyping - Shared Code */;
			targetProxy = 284FF550258BE28500CCC19D /* PBXContainerItemProxy */;
		};
		2F0E784137DCF3113D4A0339 /* PBXTargetDependency */ = {
			isa = PBXTargetDependency;
			target = 8674F642FD8C33CFAF4CE7D1 /* CompressionProtoyping - Shared Code */;
			targetProxy = 284FF54F258BE28500CCC19D /* PBXContainerItemProxy */;
		};
		385D7C6D725F445CFBFD2397 /* PBXTargetDependency */ = {
			isa = PBXTargetDependency;
			target = 60BD686A3D1BA6F77374F87D /* CompressionProtoyping - VST3 */;
			targetProxy = 284FF551258BE28600CCC19D /* PBXContainerItemProxy */;
		};
		5BB813181587A39501F4075C /* PBXTargetDependency */ = {
			isa = PBXTargetDependency;
			target = 7E5C7A19FEDF71E7BEDF0551 /* CompressionProtoyping - AU */;
			targetProxy = 284FF552258BE28600CCC19D /* PBXContainerItemProxy */;
		};
		82F0863DC5D6D7D270EE0708 /* PBXTargetDependency */ = {
			isa = PBXTargetDependency;
			target = 8674F642FD8C33CFAF4CE7D1 /* CompressionProtoyping - Shared Code */;
			targetProxy = 284FF554258BE28600CCC19D /* PBXContainerItemProxy */;
		};
		B32F3EE096DD96F8968407FE /* PBXTargetDependency */ = {
			isa = PBXTargetDependency;
			target = C532C4A600CC4131A4C56C39 /* CompressionProtoyping - Standalone Plugin */;
			targetProxy = 284FF553258BE28600CCC19D /* PBXContainerItemProxy */;
		};
		FD574D42F272757F2603C82E /* PBXTargetDependency */ = {
			isa = PBXTargetDependency;
			target = 8674F642FD8C33CFAF4CE7D1 /* CompressionProtoyping - Shared Code */;
			targetProxy = 284FF54E258BE28500CCC19D /* PBXContainerItemProxy */;
		};
/* End PBXTargetDependency section */

/* Begin XCBuildConfiguration section */
		14A7B82BB2F32B095135C8BC /* Release */ = {
			isa = XCBuildConfiguration;
			buildSettings = {
				CLANG_CXX_LANGUAGE_STANDARD = "c++14";
				CLANG_CXX_LIBRARY = "libc++";
				CLANG_LINK_OBJC_RUNTIME = NO;
				CODE_SIGN_IDENTITY = "";
				COMBINE_HIDPI_IMAGES = YES;
				CONFIGURATION_BUILD_DIR = "$(PROJECT_DIR)/build/$(CONFIGURATION)";
				DEAD_CODE_STRIPPING = YES;
				DEPLOYMENT_LOCATION = YES;
				DSTROOT = /;
				GCC_GENERATE_DEBUGGING_SYMBOLS = NO;
				GCC_OPTIMIZATION_LEVEL = 3;
				GCC_PREPROCESSOR_DEFINITIONS = (
					"_NDEBUG=1",
					"NDEBUG=1",
					"JUCE_DISPLAY_SPLASH_SCREEN=1",
					"JUCE_USE_DARK_SPLASH_SCREEN=1",
					"JUCE_PROJUCER_VERSION=0x60005",
					"JUCE_MODULE_AVAILABLE_juce_audio_basics=1",
					"JUCE_MODULE_AVAILABLE_juce_audio_devices=1",
					"JUCE_MODULE_AVAILABLE_juce_audio_formats=1",
					"JUCE_MODULE_AVAILABLE_juce_audio_plugin_client=1",
					"JUCE_MODULE_AVAILABLE_juce_audio_processors=1",
					"JUCE_MODULE_AVAILABLE_juce_audio_utils=1",
					"JUCE_MODULE_AVAILABLE_juce_core=1",
					"JUCE_MODULE_AVAILABLE_juce_data_structures=1",
					"JUCE_MODULE_AVAILABLE_juce_dsp=1",
					"JUCE_MODULE_AVAILABLE_juce_events=1",
					"JUCE_MODULE_AVAILABLE_juce_graphics=1",
					"JUCE_MODULE_AVAILABLE_juce_gui_basics=1",
					"JUCE_MODULE_AVAILABLE_juce_gui_extra=1",
					"JUCE_GLOBAL_MODULE_SETTINGS_INCLUDED=1",
					"JUCE_VST3_CAN_REPLACE_VST2=0",
					"JUCE_STRICT_REFCOUNTEDPOINTER=1",
					"JucePlugin_Build_VST=0",
					"JucePlugin_Build_VST3=0",
					"JucePlugin_Build_AU=1",
					"JucePlugin_Build_AUv3=0",
					"JucePlugin_Build_RTAS=0",
					"JucePlugin_Build_AAX=0",
					"JucePlugin_Build_Standalone=0",
					"JucePlugin_Build_Unity=0",
					"JucePlugin_Enable_IAA=0",
					"JucePlugin_Name=\\\"Viator\\ Compressor\\\"",
					"JucePlugin_Desc=\\\"CompressionProtoyping\\\"",
					"JucePlugin_Manufacturer=\\\"Viator\\ DSP\\\"",
					"JucePlugin_ManufacturerWebsite=\\\"\\\"",
					"JucePlugin_ManufacturerEmail=\\\"\\\"",
					"JucePlugin_ManufacturerCode=0x4d616e75",
					"JucePlugin_PluginCode=0x5931696c",
					"JucePlugin_IsSynth=0",
					"JucePlugin_WantsMidiInput=0",
					"JucePlugin_ProducesMidiOutput=0",
					"JucePlugin_IsMidiEffect=0",
					"JucePlugin_EditorRequiresKeyboardFocus=0",
					"JucePlugin_Version=1.0.0",
					"JucePlugin_VersionCode=0x10000",
					"JucePlugin_VersionString=\\\"1.0.0\\\"",
					"JucePlugin_VSTUniqueID=JucePlugin_PluginCode",
					"JucePlugin_VSTCategory=kPlugCategEffect",
					"JucePlugin_Vst3Category=\\\"Fx\\\"",
					"JucePlugin_AUMainType='aufx'",
					"JucePlugin_AUSubType=JucePlugin_PluginCode",
					"JucePlugin_AUExportPrefix=CompressionProtoypingAU",
					"JucePlugin_AUExportPrefixQuoted=\\\"CompressionProtoypingAU\\\"",
					"JucePlugin_AUManufacturerCode=JucePlugin_ManufacturerCode",
					"JucePlugin_CFBundleIdentifier=com.yourcompany.CompressionProtoyping",
					"JucePlugin_RTASCategory=0",
					"JucePlugin_RTASManufacturerCode=JucePlugin_ManufacturerCode",
					"JucePlugin_RTASProductId=JucePlugin_PluginCode",
					"JucePlugin_RTASDisableBypass=0",
					"JucePlugin_RTASDisableMultiMono=0",
					"JucePlugin_AAXIdentifier=com.yourcompany.CompressionProtoyping",
					"JucePlugin_AAXManufacturerCode=JucePlugin_ManufacturerCode",
					"JucePlugin_AAXProductId=JucePlugin_PluginCode",
					"JucePlugin_AAXCategory=0",
					"JucePlugin_AAXDisableBypass=0",
					"JucePlugin_AAXDisableMultiMono=0",
					"JucePlugin_IAAType=0x61757278",
					"JucePlugin_IAASubType=JucePlugin_PluginCode",
					"JucePlugin_IAAName=\\\"Viator\\ DSP:\\ Viator\\ Compressor\\\"",
					"JucePlugin_VSTNumMidiInputs=16",
					"JucePlugin_VSTNumMidiOutputs=16",
					"JUCE_STANDALONE_APPLICATION=JucePlugin_Build_Standalone",
					"JUCER_XCODE_MAC_F6D2F4CF=1",
					"JUCE_APP_VERSION=1.0.0",
					"JUCE_APP_VERSION_HEX=0x10000",
				);
				GCC_VERSION = com.apple.compilers.llvm.clang.1_0;
				GENERATE_PKGINFO_FILE = YES;
				HEADER_SEARCH_PATHS = (
					/Users/land00m/Documents/JUCE/modules/juce_audio_processors/format_types/VST3_SDK,
					../../JuceLibraryCode,
					/Users/land00m/Documents/JUCE/modules,
					/Users/land00m/Documents/JUCE/modules/juce_audio_plugin_client,
					"$(inherited)",
				);
				INFOPLIST_FILE = "Info-AU.plist";
				INFOPLIST_PREPROCESS = NO;
				INSTALL_PATH = "$(HOME)/Library/Audio/Plug-Ins/Components/";
				LIBRARY_STYLE = Bundle;
				LLVM_LTO = YES;
				MACOSX_DEPLOYMENT_TARGET = 10.11;
				MTL_HEADER_SEARCH_PATHS = "/Users/land00m/Documents/JUCE/modules/juce_audio_processors/format_types/VST3_SDK ../../JuceLibraryCode /Users/land00m/Documents/JUCE/modules /Users/land00m/Documents/JUCE/modules/juce_audio_plugin_client";
				OTHER_LDFLAGS = (
					"-bundle",
					"-lNewProject",
				);
				OTHER_REZFLAGS = "-d ppc_$ppc -d i386_$i386 -d ppc64_$ppc64 -d x86_64_$x86_64 -I /System/Library/Frameworks/CoreServices.framework/Frameworks/CarbonCore.framework/Versions/A/Headers -I \"$(DEVELOPER_DIR)/Extras/CoreAudio/AudioUnits/AUPublic/AUBase\" -I \"$(DEVELOPER_DIR)/Platforms/MacOSX.platform/Developer/SDKs/MacOSX.sdk/System/Library/Frameworks/AudioUnit.framework/Headers\"";
				PRODUCT_BUNDLE_IDENTIFIER = com.yourcompany.CompressionProtoyping;
				PRODUCT_NAME = NewProject;
				USE_HEADERMAP = NO;
				VALID_ARCHS = "i386 x86_64 arm64 arm64e";
				WRAPPER_EXTENSION = component;
			};
			name = Release;
		};
		155812B6D6AEB8830EBAA72F /* Debug */ = {
			isa = XCBuildConfiguration;
			buildSettings = {
				MACOSX_DEPLOYMENT_TARGET = 10.11;
				PRODUCT_NAME = ViatorComp;
				SDKROOT = macosx;
			};
			name = Debug;
		};
		29D36B810683E02E0AD51FF2 /* Release */ = {
			isa = XCBuildConfiguration;
			buildSettings = {
				MACOSX_DEPLOYMENT_TARGET = 10.11;
				PRODUCT_NAME = ViatorComp;
				SDKROOT = macosx;
			};
			name = Release;
		};
		44E456411CC91CAAA595F829 /* Release */ = {
			isa = XCBuildConfiguration;
			buildSettings = {
				CLANG_CXX_LANGUAGE_STANDARD = "c++14";
				CLANG_CXX_LIBRARY = "libc++";
				CLANG_LINK_OBJC_RUNTIME = NO;
				CODE_SIGN_IDENTITY = "";
				COMBINE_HIDPI_IMAGES = YES;
				CONFIGURATION_BUILD_DIR = "$(PROJECT_DIR)/build/$(CONFIGURATION)";
				DEAD_CODE_STRIPPING = YES;
				GCC_GENERATE_DEBUGGING_SYMBOLS = NO;
				GCC_OPTIMIZATION_LEVEL = 3;
				GCC_PREPROCESSOR_DEFINITIONS = (
					"_NDEBUG=1",
					"NDEBUG=1",
					"JUCE_DISPLAY_SPLASH_SCREEN=1",
					"JUCE_USE_DARK_SPLASH_SCREEN=1",
					"JUCE_PROJUCER_VERSION=0x60005",
					"JUCE_MODULE_AVAILABLE_juce_audio_basics=1",
					"JUCE_MODULE_AVAILABLE_juce_audio_devices=1",
					"JUCE_MODULE_AVAILABLE_juce_audio_formats=1",
					"JUCE_MODULE_AVAILABLE_juce_audio_plugin_client=1",
					"JUCE_MODULE_AVAILABLE_juce_audio_processors=1",
					"JUCE_MODULE_AVAILABLE_juce_audio_utils=1",
					"JUCE_MODULE_AVAILABLE_juce_core=1",
					"JUCE_MODULE_AVAILABLE_juce_data_structures=1",
					"JUCE_MODULE_AVAILABLE_juce_dsp=1",
					"JUCE_MODULE_AVAILABLE_juce_events=1",
					"JUCE_MODULE_AVAILABLE_juce_graphics=1",
					"JUCE_MODULE_AVAILABLE_juce_gui_basics=1",
					"JUCE_MODULE_AVAILABLE_juce_gui_extra=1",
					"JUCE_GLOBAL_MODULE_SETTINGS_INCLUDED=1",
					"JUCE_VST3_CAN_REPLACE_VST2=0",
					"JUCE_STRICT_REFCOUNTEDPOINTER=1",
					"JucePlugin_Build_VST=0",
					"JucePlugin_Build_VST3=1",
					"JucePlugin_Build_AU=1",
					"JucePlugin_Build_AUv3=0",
					"JucePlugin_Build_RTAS=0",
					"JucePlugin_Build_AAX=0",
					"JucePlugin_Build_Standalone=1",
					"JucePlugin_Build_Unity=0",
					"JucePlugin_Enable_IAA=0",
					"JucePlugin_Name=\\\"Viator\\ Compressor\\\"",
					"JucePlugin_Desc=\\\"CompressionProtoyping\\\"",
					"JucePlugin_Manufacturer=\\\"Viator\\ DSP\\\"",
					"JucePlugin_ManufacturerWebsite=\\\"\\\"",
					"JucePlugin_ManufacturerEmail=\\\"\\\"",
					"JucePlugin_ManufacturerCode=0x4d616e75",
					"JucePlugin_PluginCode=0x5931696c",
					"JucePlugin_IsSynth=0",
					"JucePlugin_WantsMidiInput=0",
					"JucePlugin_ProducesMidiOutput=0",
					"JucePlugin_IsMidiEffect=0",
					"JucePlugin_EditorRequiresKeyboardFocus=0",
					"JucePlugin_Version=1.0.0",
					"JucePlugin_VersionCode=0x10000",
					"JucePlugin_VersionString=\\\"1.0.0\\\"",
					"JucePlugin_VSTUniqueID=JucePlugin_PluginCode",
					"JucePlugin_VSTCategory=kPlugCategEffect",
					"JucePlugin_Vst3Category=\\\"Fx\\\"",
					"JucePlugin_AUMainType='aufx'",
					"JucePlugin_AUSubType=JucePlugin_PluginCode",
					"JucePlugin_AUExportPrefix=CompressionProtoypingAU",
					"JucePlugin_AUExportPrefixQuoted=\\\"CompressionProtoypingAU\\\"",
					"JucePlugin_AUManufacturerCode=JucePlugin_ManufacturerCode",
					"JucePlugin_CFBundleIdentifier=com.yourcompany.CompressionProtoyping",
					"JucePlugin_RTASCategory=0",
					"JucePlugin_RTASManufacturerCode=JucePlugin_ManufacturerCode",
					"JucePlugin_RTASProductId=JucePlugin_PluginCode",
					"JucePlugin_RTASDisableBypass=0",
					"JucePlugin_RTASDisableMultiMono=0",
					"JucePlugin_AAXIdentifier=com.yourcompany.CompressionProtoyping",
					"JucePlugin_AAXManufacturerCode=JucePlugin_ManufacturerCode",
					"JucePlugin_AAXProductId=JucePlugin_PluginCode",
					"JucePlugin_AAXCategory=0",
					"JucePlugin_AAXDisableBypass=0",
					"JucePlugin_AAXDisableMultiMono=0",
					"JucePlugin_IAAType=0x61757278",
					"JucePlugin_IAASubType=JucePlugin_PluginCode",
					"JucePlugin_IAAName=\\\"Viator\\ DSP:\\ Viator\\ Compressor\\\"",
					"JucePlugin_VSTNumMidiInputs=16",
					"JucePlugin_VSTNumMidiOutputs=16",
					"JUCE_STANDALONE_APPLICATION=JucePlugin_Build_Standalone",
					"JUCER_XCODE_MAC_F6D2F4CF=1",
					"JUCE_APP_VERSION=1.0.0",
					"JUCE_APP_VERSION_HEX=0x10000",
					"JUCE_SHARED_CODE=1",
				);
				GCC_VERSION = com.apple.compilers.llvm.clang.1_0;
				HEADER_SEARCH_PATHS = (
					/Users/land00m/Documents/JUCE/modules/juce_audio_processors/format_types/VST3_SDK,
					../../JuceLibraryCode,
					/Users/land00m/Documents/JUCE/modules,
					/Users/land00m/Documents/JUCE/modules/juce_audio_plugin_client,
					"$(inherited)",
				);
				INSTALL_PATH = "@executable_path/../Frameworks";
				LLVM_LTO = YES;
				MACOSX_DEPLOYMENT_TARGET = 10.11;
				MTL_HEADER_SEARCH_PATHS = "/Users/land00m/Documents/JUCE/modules/juce_audio_processors/format_types/VST3_SDK ../../JuceLibraryCode /Users/land00m/Documents/JUCE/modules /Users/land00m/Documents/JUCE/modules/juce_audio_plugin_client";
				PRODUCT_BUNDLE_IDENTIFIER = com.yourcompany.CompressionProtoyping;
				PRODUCT_NAME = NewProject;
				SKIP_INSTALL = YES;
				USE_HEADERMAP = NO;
				VALID_ARCHS = "i386 x86_64 arm64 arm64e";
			};
			name = Release;
		};
		526147EF3C3EFAD093703D59 /* Debug */ = {
			isa = XCBuildConfiguration;
			buildSettings = {
				CLANG_CXX_LANGUAGE_STANDARD = "c++14";
				CLANG_CXX_LIBRARY = "libc++";
				CLANG_LINK_OBJC_RUNTIME = NO;
				CODE_SIGN_IDENTITY = "";
				COMBINE_HIDPI_IMAGES = YES;
				CONFIGURATION_BUILD_DIR = "$(PROJECT_DIR)/build/$(CONFIGURATION)";
				COPY_PHASE_STRIP = NO;
				GCC_DYNAMIC_NO_PIC = NO;
				GCC_OPTIMIZATION_LEVEL = 0;
				GCC_PREPROCESSOR_DEFINITIONS = (
					"_DEBUG=1",
					"DEBUG=1",
					"JUCE_DISPLAY_SPLASH_SCREEN=1",
					"JUCE_USE_DARK_SPLASH_SCREEN=1",
					"JUCE_PROJUCER_VERSION=0x60005",
					"JUCE_MODULE_AVAILABLE_juce_audio_basics=1",
					"JUCE_MODULE_AVAILABLE_juce_audio_devices=1",
					"JUCE_MODULE_AVAILABLE_juce_audio_formats=1",
					"JUCE_MODULE_AVAILABLE_juce_audio_plugin_client=1",
					"JUCE_MODULE_AVAILABLE_juce_audio_processors=1",
					"JUCE_MODULE_AVAILABLE_juce_audio_utils=1",
					"JUCE_MODULE_AVAILABLE_juce_core=1",
					"JUCE_MODULE_AVAILABLE_juce_data_structures=1",
					"JUCE_MODULE_AVAILABLE_juce_dsp=1",
					"JUCE_MODULE_AVAILABLE_juce_events=1",
					"JUCE_MODULE_AVAILABLE_juce_graphics=1",
					"JUCE_MODULE_AVAILABLE_juce_gui_basics=1",
					"JUCE_MODULE_AVAILABLE_juce_gui_extra=1",
					"JUCE_GLOBAL_MODULE_SETTINGS_INCLUDED=1",
					"JUCE_VST3_CAN_REPLACE_VST2=0",
					"JUCE_STRICT_REFCOUNTEDPOINTER=1",
					"JucePlugin_Build_VST=0",
					"JucePlugin_Build_VST3=0",
					"JucePlugin_Build_AU=0",
					"JucePlugin_Build_AUv3=0",
					"JucePlugin_Build_RTAS=0",
					"JucePlugin_Build_AAX=0",
					"JucePlugin_Build_Standalone=1",
					"JucePlugin_Build_Unity=0",
					"JucePlugin_Enable_IAA=0",
					"JucePlugin_Name=\\\"Viator\\ Compressor\\\"",
					"JucePlugin_Desc=\\\"CompressionProtoyping\\\"",
					"JucePlugin_Manufacturer=\\\"Viator\\ DSP\\\"",
					"JucePlugin_ManufacturerWebsite=\\\"\\\"",
					"JucePlugin_ManufacturerEmail=\\\"\\\"",
					"JucePlugin_ManufacturerCode=0x4d616e75",
					"JucePlugin_PluginCode=0x5931696c",
					"JucePlugin_IsSynth=0",
					"JucePlugin_WantsMidiInput=0",
					"JucePlugin_ProducesMidiOutput=0",
					"JucePlugin_IsMidiEffect=0",
					"JucePlugin_EditorRequiresKeyboardFocus=0",
					"JucePlugin_Version=1.0.0",
					"JucePlugin_VersionCode=0x10000",
					"JucePlugin_VersionString=\\\"1.0.0\\\"",
					"JucePlugin_VSTUniqueID=JucePlugin_PluginCode",
					"JucePlugin_VSTCategory=kPlugCategEffect",
					"JucePlugin_Vst3Category=\\\"Fx\\\"",
					"JucePlugin_AUMainType='aufx'",
					"JucePlugin_AUSubType=JucePlugin_PluginCode",
					"JucePlugin_AUExportPrefix=CompressionProtoypingAU",
					"JucePlugin_AUExportPrefixQuoted=\\\"CompressionProtoypingAU\\\"",
					"JucePlugin_AUManufacturerCode=JucePlugin_ManufacturerCode",
					"JucePlugin_CFBundleIdentifier=com.yourcompany.CompressionProtoyping",
					"JucePlugin_RTASCategory=0",
					"JucePlugin_RTASManufacturerCode=JucePlugin_ManufacturerCode",
					"JucePlugin_RTASProductId=JucePlugin_PluginCode",
					"JucePlugin_RTASDisableBypass=0",
					"JucePlugin_RTASDisableMultiMono=0",
					"JucePlugin_AAXIdentifier=com.yourcompany.CompressionProtoyping",
					"JucePlugin_AAXManufacturerCode=JucePlugin_ManufacturerCode",
					"JucePlugin_AAXProductId=JucePlugin_PluginCode",
					"JucePlugin_AAXCategory=0",
					"JucePlugin_AAXDisableBypass=0",
					"JucePlugin_AAXDisableMultiMono=0",
					"JucePlugin_IAAType=0x61757278",
					"JucePlugin_IAASubType=JucePlugin_PluginCode",
					"JucePlugin_IAAName=\\\"Viator\\ DSP:\\ Viator\\ Compressor\\\"",
					"JucePlugin_VSTNumMidiInputs=16",
					"JucePlugin_VSTNumMidiOutputs=16",
					"JUCE_STANDALONE_APPLICATION=JucePlugin_Build_Standalone",
					"JUCER_XCODE_MAC_F6D2F4CF=1",
					"JUCE_APP_VERSION=1.0.0",
					"JUCE_APP_VERSION_HEX=0x10000",
				);
				GCC_VERSION = com.apple.compilers.llvm.clang.1_0;
				HEADER_SEARCH_PATHS = (
					/Users/land00m/Documents/JUCE/modules/juce_audio_processors/format_types/VST3_SDK,
					../../JuceLibraryCode,
					/Users/land00m/Documents/JUCE/modules,
					/Users/land00m/Documents/JUCE/modules/juce_audio_plugin_client,
					"$(inherited)",
				);
				INFOPLIST_FILE = "Info-Standalone_Plugin.plist";
				INFOPLIST_PREPROCESS = NO;
				MACOSX_DEPLOYMENT_TARGET = 10.11;
				MTL_HEADER_SEARCH_PATHS = "/Users/land00m/Documents/JUCE/modules/juce_audio_processors/format_types/VST3_SDK ../../JuceLibraryCode /Users/land00m/Documents/JUCE/modules /Users/land00m/Documents/JUCE/modules/juce_audio_plugin_client";
				OTHER_LDFLAGS = "-lNewProject";
				PRODUCT_BUNDLE_IDENTIFIER = com.yourcompany.CompressionProtoyping;
				PRODUCT_NAME = NewProject;
				USE_HEADERMAP = NO;
				VALID_ARCHS = "i386 x86_64 arm64 arm64e";
			};
			name = Debug;
		};
		8CAA6118FF7CD4761F52284E /* Debug */ = {
			isa = XCBuildConfiguration;
			buildSettings = {
				CLANG_CXX_LANGUAGE_STANDARD = "c++14";
				CLANG_CXX_LIBRARY = "libc++";
				CLANG_LINK_OBJC_RUNTIME = NO;
				CODE_SIGN_IDENTITY = "";
				COMBINE_HIDPI_IMAGES = YES;
				CONFIGURATION_BUILD_DIR = "$(PROJECT_DIR)/build/$(CONFIGURATION)";
				COPY_PHASE_STRIP = NO;
				DEPLOYMENT_LOCATION = YES;
				DSTROOT = /;
				GCC_DYNAMIC_NO_PIC = NO;
				GCC_OPTIMIZATION_LEVEL = 0;
				GCC_PREPROCESSOR_DEFINITIONS = (
					"_DEBUG=1",
					"DEBUG=1",
					"JUCE_DISPLAY_SPLASH_SCREEN=1",
					"JUCE_USE_DARK_SPLASH_SCREEN=1",
					"JUCE_PROJUCER_VERSION=0x60005",
					"JUCE_MODULE_AVAILABLE_juce_audio_basics=1",
					"JUCE_MODULE_AVAILABLE_juce_audio_devices=1",
					"JUCE_MODULE_AVAILABLE_juce_audio_formats=1",
					"JUCE_MODULE_AVAILABLE_juce_audio_plugin_client=1",
					"JUCE_MODULE_AVAILABLE_juce_audio_processors=1",
					"JUCE_MODULE_AVAILABLE_juce_audio_utils=1",
					"JUCE_MODULE_AVAILABLE_juce_core=1",
					"JUCE_MODULE_AVAILABLE_juce_data_structures=1",
					"JUCE_MODULE_AVAILABLE_juce_dsp=1",
					"JUCE_MODULE_AVAILABLE_juce_events=1",
					"JUCE_MODULE_AVAILABLE_juce_graphics=1",
					"JUCE_MODULE_AVAILABLE_juce_gui_basics=1",
					"JUCE_MODULE_AVAILABLE_juce_gui_extra=1",
					"JUCE_GLOBAL_MODULE_SETTINGS_INCLUDED=1",
					"JUCE_VST3_CAN_REPLACE_VST2=0",
					"JUCE_STRICT_REFCOUNTEDPOINTER=1",
					"JucePlugin_Build_VST=0",
					"JucePlugin_Build_VST3=1",
					"JucePlugin_Build_AU=0",
					"JucePlugin_Build_AUv3=0",
					"JucePlugin_Build_RTAS=0",
					"JucePlugin_Build_AAX=0",
					"JucePlugin_Build_Standalone=0",
					"JucePlugin_Build_Unity=0",
					"JucePlugin_Enable_IAA=0",
					"JucePlugin_Name=\\\"Viator\\ Compressor\\\"",
					"JucePlugin_Desc=\\\"CompressionProtoyping\\\"",
					"JucePlugin_Manufacturer=\\\"Viator\\ DSP\\\"",
					"JucePlugin_ManufacturerWebsite=\\\"\\\"",
					"JucePlugin_ManufacturerEmail=\\\"\\\"",
					"JucePlugin_ManufacturerCode=0x4d616e75",
					"JucePlugin_PluginCode=0x5931696c",
					"JucePlugin_IsSynth=0",
					"JucePlugin_WantsMidiInput=0",
					"JucePlugin_ProducesMidiOutput=0",
					"JucePlugin_IsMidiEffect=0",
					"JucePlugin_EditorRequiresKeyboardFocus=0",
					"JucePlugin_Version=1.0.0",
					"JucePlugin_VersionCode=0x10000",
					"JucePlugin_VersionString=\\\"1.0.0\\\"",
					"JucePlugin_VSTUniqueID=JucePlugin_PluginCode",
					"JucePlugin_VSTCategory=kPlugCategEffect",
					"JucePlugin_Vst3Category=\\\"Fx\\\"",
					"JucePlugin_AUMainType='aufx'",
					"JucePlugin_AUSubType=JucePlugin_PluginCode",
					"JucePlugin_AUExportPrefix=CompressionProtoypingAU",
					"JucePlugin_AUExportPrefixQuoted=\\\"CompressionProtoypingAU\\\"",
					"JucePlugin_AUManufacturerCode=JucePlugin_ManufacturerCode",
					"JucePlugin_CFBundleIdentifier=com.yourcompany.CompressionProtoyping",
					"JucePlugin_RTASCategory=0",
					"JucePlugin_RTASManufacturerCode=JucePlugin_ManufacturerCode",
					"JucePlugin_RTASProductId=JucePlugin_PluginCode",
					"JucePlugin_RTASDisableBypass=0",
					"JucePlugin_RTASDisableMultiMono=0",
					"JucePlugin_AAXIdentifier=com.yourcompany.CompressionProtoyping",
					"JucePlugin_AAXManufacturerCode=JucePlugin_ManufacturerCode",
					"JucePlugin_AAXProductId=JucePlugin_PluginCode",
					"JucePlugin_AAXCategory=0",
					"JucePlugin_AAXDisableBypass=0",
					"JucePlugin_AAXDisableMultiMono=0",
					"JucePlugin_IAAType=0x61757278",
					"JucePlugin_IAASubType=JucePlugin_PluginCode",
					"JucePlugin_IAAName=\\\"Viator\\ DSP:\\ Viator\\ Compressor\\\"",
					"JucePlugin_VSTNumMidiInputs=16",
					"JucePlugin_VSTNumMidiOutputs=16",
					"JUCE_STANDALONE_APPLICATION=JucePlugin_Build_Standalone",
					"JUCER_XCODE_MAC_F6D2F4CF=1",
					"JUCE_APP_VERSION=1.0.0",
					"JUCE_APP_VERSION_HEX=0x10000",
				);
				GCC_VERSION = com.apple.compilers.llvm.clang.1_0;
				GENERATE_PKGINFO_FILE = YES;
				HEADER_SEARCH_PATHS = (
					/Users/land00m/Documents/JUCE/modules/juce_audio_processors/format_types/VST3_SDK,
					../../JuceLibraryCode,
					/Users/land00m/Documents/JUCE/modules,
					/Users/land00m/Documents/JUCE/modules/juce_audio_plugin_client,
					"$(inherited)",
				);
				INFOPLIST_FILE = "Info-VST3.plist";
				INFOPLIST_PREPROCESS = NO;
				INSTALL_PATH = "$(HOME)/Library/Audio/Plug-Ins/VST3/";
				LIBRARY_STYLE = Bundle;
				MACOSX_DEPLOYMENT_TARGET = 10.11;
				MTL_HEADER_SEARCH_PATHS = "/Users/land00m/Documents/JUCE/modules/juce_audio_processors/format_types/VST3_SDK ../../JuceLibraryCode /Users/land00m/Documents/JUCE/modules /Users/land00m/Documents/JUCE/modules/juce_audio_plugin_client";
				OTHER_LDFLAGS = (
					"-bundle",
					"-lNewProject",
				);
				PRODUCT_BUNDLE_IDENTIFIER = com.yourcompany.CompressionProtoyping;
				PRODUCT_NAME = NewProject;
				USE_HEADERMAP = NO;
				VALID_ARCHS = "i386 x86_64 arm64 arm64e";
				WRAPPER_EXTENSION = vst3;
			};
			name = Debug;
		};
		90E12FB29D55212E9643F732 /* Debug */ = {
			isa = XCBuildConfiguration;
			buildSettings = {
				CLANG_CXX_LANGUAGE_STANDARD = "c++14";
				CLANG_CXX_LIBRARY = "libc++";
				CLANG_LINK_OBJC_RUNTIME = NO;
				CODE_SIGN_IDENTITY = "";
				COMBINE_HIDPI_IMAGES = YES;
				CONFIGURATION_BUILD_DIR = "$(PROJECT_DIR)/build/$(CONFIGURATION)";
				COPY_PHASE_STRIP = NO;
				GCC_DYNAMIC_NO_PIC = NO;
				GCC_OPTIMIZATION_LEVEL = 0;
				GCC_PREPROCESSOR_DEFINITIONS = (
					"_DEBUG=1",
					"DEBUG=1",
					"JUCE_DISPLAY_SPLASH_SCREEN=1",
					"JUCE_USE_DARK_SPLASH_SCREEN=1",
					"JUCE_PROJUCER_VERSION=0x60005",
					"JUCE_MODULE_AVAILABLE_juce_audio_basics=1",
					"JUCE_MODULE_AVAILABLE_juce_audio_devices=1",
					"JUCE_MODULE_AVAILABLE_juce_audio_formats=1",
					"JUCE_MODULE_AVAILABLE_juce_audio_plugin_client=1",
					"JUCE_MODULE_AVAILABLE_juce_audio_processors=1",
					"JUCE_MODULE_AVAILABLE_juce_audio_utils=1",
					"JUCE_MODULE_AVAILABLE_juce_core=1",
					"JUCE_MODULE_AVAILABLE_juce_data_structures=1",
					"JUCE_MODULE_AVAILABLE_juce_dsp=1",
					"JUCE_MODULE_AVAILABLE_juce_events=1",
					"JUCE_MODULE_AVAILABLE_juce_graphics=1",
					"JUCE_MODULE_AVAILABLE_juce_gui_basics=1",
					"JUCE_MODULE_AVAILABLE_juce_gui_extra=1",
					"JUCE_GLOBAL_MODULE_SETTINGS_INCLUDED=1",
					"JUCE_VST3_CAN_REPLACE_VST2=0",
					"JUCE_STRICT_REFCOUNTEDPOINTER=1",
					"JucePlugin_Build_VST=0",
					"JucePlugin_Build_VST3=1",
					"JucePlugin_Build_AU=1",
					"JucePlugin_Build_AUv3=0",
					"JucePlugin_Build_RTAS=0",
					"JucePlugin_Build_AAX=0",
					"JucePlugin_Build_Standalone=1",
					"JucePlugin_Build_Unity=0",
					"JucePlugin_Enable_IAA=0",
					"JucePlugin_Name=\\\"Viator\\ Compressor\\\"",
					"JucePlugin_Desc=\\\"CompressionProtoyping\\\"",
					"JucePlugin_Manufacturer=\\\"Viator\\ DSP\\\"",
					"JucePlugin_ManufacturerWebsite=\\\"\\\"",
					"JucePlugin_ManufacturerEmail=\\\"\\\"",
					"JucePlugin_ManufacturerCode=0x4d616e75",
					"JucePlugin_PluginCode=0x5931696c",
					"JucePlugin_IsSynth=0",
					"JucePlugin_WantsMidiInput=0",
					"JucePlugin_ProducesMidiOutput=0",
					"JucePlugin_IsMidiEffect=0",
					"JucePlugin_EditorRequiresKeyboardFocus=0",
					"JucePlugin_Version=1.0.0",
					"JucePlugin_VersionCode=0x10000",
					"JucePlugin_VersionString=\\\"1.0.0\\\"",
					"JucePlugin_VSTUniqueID=JucePlugin_PluginCode",
					"JucePlugin_VSTCategory=kPlugCategEffect",
					"JucePlugin_Vst3Category=\\\"Fx\\\"",
					"JucePlugin_AUMainType='aufx'",
					"JucePlugin_AUSubType=JucePlugin_PluginCode",
					"JucePlugin_AUExportPrefix=CompressionProtoypingAU",
					"JucePlugin_AUExportPrefixQuoted=\\\"CompressionProtoypingAU\\\"",
					"JucePlugin_AUManufacturerCode=JucePlugin_ManufacturerCode",
					"JucePlugin_CFBundleIdentifier=com.yourcompany.CompressionProtoyping",
					"JucePlugin_RTASCategory=0",
					"JucePlugin_RTASManufacturerCode=JucePlugin_ManufacturerCode",
					"JucePlugin_RTASProductId=JucePlugin_PluginCode",
					"JucePlugin_RTASDisableBypass=0",
					"JucePlugin_RTASDisableMultiMono=0",
					"JucePlugin_AAXIdentifier=com.yourcompany.CompressionProtoyping",
					"JucePlugin_AAXManufacturerCode=JucePlugin_ManufacturerCode",
					"JucePlugin_AAXProductId=JucePlugin_PluginCode",
					"JucePlugin_AAXCategory=0",
					"JucePlugin_AAXDisableBypass=0",
					"JucePlugin_AAXDisableMultiMono=0",
					"JucePlugin_IAAType=0x61757278",
					"JucePlugin_IAASubType=JucePlugin_PluginCode",
					"JucePlugin_IAAName=\\\"Viator\\ DSP:\\ Viator\\ Compressor\\\"",
					"JucePlugin_VSTNumMidiInputs=16",
					"JucePlugin_VSTNumMidiOutputs=16",
					"JUCE_STANDALONE_APPLICATION=JucePlugin_Build_Standalone",
					"JUCER_XCODE_MAC_F6D2F4CF=1",
					"JUCE_APP_VERSION=1.0.0",
					"JUCE_APP_VERSION_HEX=0x10000",
					"JUCE_SHARED_CODE=1",
				);
				GCC_VERSION = com.apple.compilers.llvm.clang.1_0;
				HEADER_SEARCH_PATHS = (
					/Users/land00m/Documents/JUCE/modules/juce_audio_processors/format_types/VST3_SDK,
					../../JuceLibraryCode,
					/Users/land00m/Documents/JUCE/modules,
					/Users/land00m/Documents/JUCE/modules/juce_audio_plugin_client,
					"$(inherited)",
				);
				INSTALL_PATH = "@executable_path/../Frameworks";
				MACOSX_DEPLOYMENT_TARGET = 10.11;
				MTL_HEADER_SEARCH_PATHS = "/Users/land00m/Documents/JUCE/modules/juce_audio_processors/format_types/VST3_SDK ../../JuceLibraryCode /Users/land00m/Documents/JUCE/modules /Users/land00m/Documents/JUCE/modules/juce_audio_plugin_client";
				PRODUCT_BUNDLE_IDENTIFIER = com.yourcompany.CompressionProtoyping;
				PRODUCT_NAME = NewProject;
				SKIP_INSTALL = YES;
				USE_HEADERMAP = NO;
				VALID_ARCHS = "i386 x86_64 arm64 arm64e";
			};
			name = Debug;
		};
		979D6641D78D76A7BBFFFB58 /* Release */ = {
			isa = XCBuildConfiguration;
			buildSettings = {
				CLANG_CXX_LANGUAGE_STANDARD = "c++14";
				CLANG_CXX_LIBRARY = "libc++";
				CLANG_LINK_OBJC_RUNTIME = NO;
				CODE_SIGN_IDENTITY = "";
				COMBINE_HIDPI_IMAGES = YES;
				CONFIGURATION_BUILD_DIR = "$(PROJECT_DIR)/build/$(CONFIGURATION)";
				DEAD_CODE_STRIPPING = YES;
				GCC_GENERATE_DEBUGGING_SYMBOLS = NO;
				GCC_OPTIMIZATION_LEVEL = 3;
				GCC_PREPROCESSOR_DEFINITIONS = (
					"_NDEBUG=1",
					"NDEBUG=1",
					"JUCE_DISPLAY_SPLASH_SCREEN=1",
					"JUCE_USE_DARK_SPLASH_SCREEN=1",
					"JUCE_PROJUCER_VERSION=0x60005",
					"JUCE_MODULE_AVAILABLE_juce_audio_basics=1",
					"JUCE_MODULE_AVAILABLE_juce_audio_devices=1",
					"JUCE_MODULE_AVAILABLE_juce_audio_formats=1",
					"JUCE_MODULE_AVAILABLE_juce_audio_plugin_client=1",
					"JUCE_MODULE_AVAILABLE_juce_audio_processors=1",
					"JUCE_MODULE_AVAILABLE_juce_audio_utils=1",
					"JUCE_MODULE_AVAILABLE_juce_core=1",
					"JUCE_MODULE_AVAILABLE_juce_data_structures=1",
					"JUCE_MODULE_AVAILABLE_juce_dsp=1",
					"JUCE_MODULE_AVAILABLE_juce_events=1",
					"JUCE_MODULE_AVAILABLE_juce_graphics=1",
					"JUCE_MODULE_AVAILABLE_juce_gui_basics=1",
					"JUCE_MODULE_AVAILABLE_juce_gui_extra=1",
					"JUCE_GLOBAL_MODULE_SETTINGS_INCLUDED=1",
					"JUCE_VST3_CAN_REPLACE_VST2=0",
					"JUCE_STRICT_REFCOUNTEDPOINTER=1",
					"JucePlugin_Build_VST=0",
					"JucePlugin_Build_VST3=0",
					"JucePlugin_Build_AU=0",
					"JucePlugin_Build_AUv3=0",
					"JucePlugin_Build_RTAS=0",
					"JucePlugin_Build_AAX=0",
					"JucePlugin_Build_Standalone=1",
					"JucePlugin_Build_Unity=0",
					"JucePlugin_Enable_IAA=0",
					"JucePlugin_Name=\\\"Viator\\ Compressor\\\"",
					"JucePlugin_Desc=\\\"CompressionProtoyping\\\"",
					"JucePlugin_Manufacturer=\\\"Viator\\ DSP\\\"",
					"JucePlugin_ManufacturerWebsite=\\\"\\\"",
					"JucePlugin_ManufacturerEmail=\\\"\\\"",
					"JucePlugin_ManufacturerCode=0x4d616e75",
					"JucePlugin_PluginCode=0x5931696c",
					"JucePlugin_IsSynth=0",
					"JucePlugin_WantsMidiInput=0",
					"JucePlugin_ProducesMidiOutput=0",
					"JucePlugin_IsMidiEffect=0",
					"JucePlugin_EditorRequiresKeyboardFocus=0",
					"JucePlugin_Version=1.0.0",
					"JucePlugin_VersionCode=0x10000",
					"JucePlugin_VersionString=\\\"1.0.0\\\"",
					"JucePlugin_VSTUniqueID=JucePlugin_PluginCode",
					"JucePlugin_VSTCategory=kPlugCategEffect",
					"JucePlugin_Vst3Category=\\\"Fx\\\"",
					"JucePlugin_AUMainType='aufx'",
					"JucePlugin_AUSubType=JucePlugin_PluginCode",
					"JucePlugin_AUExportPrefix=CompressionProtoypingAU",
					"JucePlugin_AUExportPrefixQuoted=\\\"CompressionProtoypingAU\\\"",
					"JucePlugin_AUManufacturerCode=JucePlugin_ManufacturerCode",
					"JucePlugin_CFBundleIdentifier=com.yourcompany.CompressionProtoyping",
					"JucePlugin_RTASCategory=0",
					"JucePlugin_RTASManufacturerCode=JucePlugin_ManufacturerCode",
					"JucePlugin_RTASProductId=JucePlugin_PluginCode",
					"JucePlugin_RTASDisableBypass=0",
					"JucePlugin_RTASDisableMultiMono=0",
					"JucePlugin_AAXIdentifier=com.yourcompany.CompressionProtoyping",
					"JucePlugin_AAXManufacturerCode=JucePlugin_ManufacturerCode",
					"JucePlugin_AAXProductId=JucePlugin_PluginCode",
					"JucePlugin_AAXCategory=0",
					"JucePlugin_AAXDisableBypass=0",
					"JucePlugin_AAXDisableMultiMono=0",
					"JucePlugin_IAAType=0x61757278",
					"JucePlugin_IAASubType=JucePlugin_PluginCode",
					"JucePlugin_IAAName=\\\"Viator\\ DSP:\\ Viator\\ Compressor\\\"",
					"JucePlugin_VSTNumMidiInputs=16",
					"JucePlugin_VSTNumMidiOutputs=16",
					"JUCE_STANDALONE_APPLICATION=JucePlugin_Build_Standalone",
					"JUCER_XCODE_MAC_F6D2F4CF=1",
					"JUCE_APP_VERSION=1.0.0",
					"JUCE_APP_VERSION_HEX=0x10000",
				);
				GCC_VERSION = com.apple.compilers.llvm.clang.1_0;
				HEADER_SEARCH_PATHS = (
					/Users/land00m/Documents/JUCE/modules/juce_audio_processors/format_types/VST3_SDK,
					../../JuceLibraryCode,
					/Users/land00m/Documents/JUCE/modules,
					/Users/land00m/Documents/JUCE/modules/juce_audio_plugin_client,
					"$(inherited)",
				);
				INFOPLIST_FILE = "Info-Standalone_Plugin.plist";
				INFOPLIST_PREPROCESS = NO;
				LLVM_LTO = YES;
				MACOSX_DEPLOYMENT_TARGET = 10.11;
				MTL_HEADER_SEARCH_PATHS = "/Users/land00m/Documents/JUCE/modules/juce_audio_processors/format_types/VST3_SDK ../../JuceLibraryCode /Users/land00m/Documents/JUCE/modules /Users/land00m/Documents/JUCE/modules/juce_audio_plugin_client";
				OTHER_LDFLAGS = "-lNewProject";
				PRODUCT_BUNDLE_IDENTIFIER = com.yourcompany.CompressionProtoyping;
				PRODUCT_NAME = NewProject;
				USE_HEADERMAP = NO;
				VALID_ARCHS = "i386 x86_64 arm64 arm64e";
			};
			name = Release;
		};
		98CE94C9C9D99B52D946138A /* Debug */ = {
			isa = XCBuildConfiguration;
			buildSettings = {
				ALWAYS_SEARCH_USER_PATHS = NO;
				CLANG_ENABLE_OBJC_WEAK = YES;
				CLANG_WARN_BLOCK_CAPTURE_AUTORELEASING = YES;
				CLANG_WARN_BOOL_CONVERSION = YES;
				CLANG_WARN_COMMA = YES;
				CLANG_WARN_CONSTANT_CONVERSION = YES;
				CLANG_WARN_DEPRECATED_OBJC_IMPLEMENTATIONS = YES;
				CLANG_WARN_EMPTY_BODY = YES;
				CLANG_WARN_ENUM_CONVERSION = YES;
				CLANG_WARN_INFINITE_RECURSION = YES;
				CLANG_WARN_INT_CONVERSION = YES;
				CLANG_WARN_NON_LITERAL_NULL_CONVERSION = YES;
				CLANG_WARN_OBJC_IMPLICIT_RETAIN_SELF = YES;
				CLANG_WARN_OBJC_LITERAL_CONVERSION = YES;
				CLANG_WARN_RANGE_LOOP_ANALYSIS = YES;
				CLANG_WARN_STRICT_PROTOTYPES = YES;
				CLANG_WARN_SUSPICIOUS_MOVE = YES;
				CLANG_WARN_UNREACHABLE_CODE = YES;
				CLANG_WARN__DUPLICATE_METHOD_MATCH = YES;
				CODE_SIGN_IDENTITY = "";
				DEBUG_INFORMATION_FORMAT = dwarf;
				ENABLE_STRICT_OBJC_MSGSEND = YES;
				ENABLE_TESTABILITY = NO;
				GCC_C_LANGUAGE_STANDARD = c11;
				GCC_INLINES_ARE_PRIVATE_EXTERN = YES;
				GCC_MODEL_TUNING = G5;
				GCC_NO_COMMON_BLOCKS = YES;
				GCC_SYMBOLS_PRIVATE_EXTERN = YES;
				GCC_WARN_64_TO_32_BIT_CONVERSION = YES;
				GCC_WARN_ABOUT_RETURN_TYPE = YES;
				GCC_WARN_CHECK_SWITCH_STATEMENTS = YES;
				GCC_WARN_MISSING_PARENTHESES = YES;
				GCC_WARN_NON_VIRTUAL_DESTRUCTOR = YES;
				GCC_WARN_TYPECHECK_CALLS_TO_PRINTF = YES;
				GCC_WARN_UNDECLARED_SELECTOR = YES;
				GCC_WARN_UNINITIALIZED_AUTOS = YES;
				GCC_WARN_UNUSED_FUNCTION = YES;
				GCC_WARN_UNUSED_VARIABLE = YES;
				ONLY_ACTIVE_ARCH = YES;
				PRODUCT_NAME = NewProject;
				SDKROOT = macosx;
				WARNING_CFLAGS = "-Wreorder";
				ZERO_LINK = NO;
			};
			name = Debug;
		};
		CAAFA210420CAF77FA71CE4B /* Release */ = {
			isa = XCBuildConfiguration;
			buildSettings = {
				ALWAYS_SEARCH_USER_PATHS = NO;
				CLANG_ENABLE_OBJC_WEAK = YES;
				CLANG_WARN_BLOCK_CAPTURE_AUTORELEASING = YES;
				CLANG_WARN_BOOL_CONVERSION = YES;
				CLANG_WARN_COMMA = YES;
				CLANG_WARN_CONSTANT_CONVERSION = YES;
				CLANG_WARN_DEPRECATED_OBJC_IMPLEMENTATIONS = YES;
				CLANG_WARN_EMPTY_BODY = YES;
				CLANG_WARN_ENUM_CONVERSION = YES;
				CLANG_WARN_INFINITE_RECURSION = YES;
				CLANG_WARN_INT_CONVERSION = YES;
				CLANG_WARN_NON_LITERAL_NULL_CONVERSION = YES;
				CLANG_WARN_OBJC_IMPLICIT_RETAIN_SELF = YES;
				CLANG_WARN_OBJC_LITERAL_CONVERSION = YES;
				CLANG_WARN_RANGE_LOOP_ANALYSIS = YES;
				CLANG_WARN_STRICT_PROTOTYPES = YES;
				CLANG_WARN_SUSPICIOUS_MOVE = YES;
				CLANG_WARN_UNREACHABLE_CODE = YES;
				CLANG_WARN__DUPLICATE_METHOD_MATCH = YES;
				CODE_SIGN_IDENTITY = "";
				DEBUG_INFORMATION_FORMAT = dwarf;
				ENABLE_STRICT_OBJC_MSGSEND = YES;
				ENABLE_TESTABILITY = NO;
				GCC_C_LANGUAGE_STANDARD = c11;
				GCC_INLINES_ARE_PRIVATE_EXTERN = YES;
				GCC_MODEL_TUNING = G5;
				GCC_NO_COMMON_BLOCKS = YES;
				GCC_SYMBOLS_PRIVATE_EXTERN = YES;
				GCC_WARN_64_TO_32_BIT_CONVERSION = YES;
				GCC_WARN_ABOUT_RETURN_TYPE = YES;
				GCC_WARN_CHECK_SWITCH_STATEMENTS = YES;
				GCC_WARN_MISSING_PARENTHESES = YES;
				GCC_WARN_NON_VIRTUAL_DESTRUCTOR = YES;
				GCC_WARN_TYPECHECK_CALLS_TO_PRINTF = YES;
				GCC_WARN_UNDECLARED_SELECTOR = YES;
				GCC_WARN_UNINITIALIZED_AUTOS = YES;
				GCC_WARN_UNUSED_FUNCTION = YES;
				GCC_WARN_UNUSED_VARIABLE = YES;
				PRODUCT_NAME = NewProject;
				SDKROOT = macosx;
				WARNING_CFLAGS = "-Wreorder";
				ZERO_LINK = NO;
			};
			name = Release;
		};
		F4BFCBB6FDFF253695966B42 /* Debug */ = {
			isa = XCBuildConfiguration;
			buildSettings = {
				CLANG_CXX_LANGUAGE_STANDARD = "c++14";
				CLANG_CXX_LIBRARY = "libc++";
				CLANG_LINK_OBJC_RUNTIME = NO;
				CODE_SIGN_IDENTITY = "";
				COMBINE_HIDPI_IMAGES = YES;
				CONFIGURATION_BUILD_DIR = "$(PROJECT_DIR)/build/$(CONFIGURATION)";
				COPY_PHASE_STRIP = NO;
				DEPLOYMENT_LOCATION = YES;
				DSTROOT = /;
				GCC_DYNAMIC_NO_PIC = NO;
				GCC_OPTIMIZATION_LEVEL = 0;
				GCC_PREPROCESSOR_DEFINITIONS = (
					"_DEBUG=1",
					"DEBUG=1",
					"JUCE_DISPLAY_SPLASH_SCREEN=1",
					"JUCE_USE_DARK_SPLASH_SCREEN=1",
					"JUCE_PROJUCER_VERSION=0x60005",
					"JUCE_MODULE_AVAILABLE_juce_audio_basics=1",
					"JUCE_MODULE_AVAILABLE_juce_audio_devices=1",
					"JUCE_MODULE_AVAILABLE_juce_audio_formats=1",
					"JUCE_MODULE_AVAILABLE_juce_audio_plugin_client=1",
					"JUCE_MODULE_AVAILABLE_juce_audio_processors=1",
					"JUCE_MODULE_AVAILABLE_juce_audio_utils=1",
					"JUCE_MODULE_AVAILABLE_juce_core=1",
					"JUCE_MODULE_AVAILABLE_juce_data_structures=1",
					"JUCE_MODULE_AVAILABLE_juce_dsp=1",
					"JUCE_MODULE_AVAILABLE_juce_events=1",
					"JUCE_MODULE_AVAILABLE_juce_graphics=1",
					"JUCE_MODULE_AVAILABLE_juce_gui_basics=1",
					"JUCE_MODULE_AVAILABLE_juce_gui_extra=1",
					"JUCE_GLOBAL_MODULE_SETTINGS_INCLUDED=1",
					"JUCE_VST3_CAN_REPLACE_VST2=0",
					"JUCE_STRICT_REFCOUNTEDPOINTER=1",
					"JucePlugin_Build_VST=0",
					"JucePlugin_Build_VST3=0",
					"JucePlugin_Build_AU=1",
					"JucePlugin_Build_AUv3=0",
					"JucePlugin_Build_RTAS=0",
					"JucePlugin_Build_AAX=0",
					"JucePlugin_Build_Standalone=0",
					"JucePlugin_Build_Unity=0",
					"JucePlugin_Enable_IAA=0",
					"JucePlugin_Name=\\\"Viator\\ Compressor\\\"",
					"JucePlugin_Desc=\\\"CompressionProtoyping\\\"",
					"JucePlugin_Manufacturer=\\\"Viator\\ DSP\\\"",
					"JucePlugin_ManufacturerWebsite=\\\"\\\"",
					"JucePlugin_ManufacturerEmail=\\\"\\\"",
					"JucePlugin_ManufacturerCode=0x4d616e75",
					"JucePlugin_PluginCode=0x5931696c",
					"JucePlugin_IsSynth=0",
					"JucePlugin_WantsMidiInput=0",
					"JucePlugin_ProducesMidiOutput=0",
					"JucePlugin_IsMidiEffect=0",
					"JucePlugin_EditorRequiresKeyboardFocus=0",
					"JucePlugin_Version=1.0.0",
					"JucePlugin_VersionCode=0x10000",
					"JucePlugin_VersionString=\\\"1.0.0\\\"",
					"JucePlugin_VSTUniqueID=JucePlugin_PluginCode",
					"JucePlugin_VSTCategory=kPlugCategEffect",
					"JucePlugin_Vst3Category=\\\"Fx\\\"",
					"JucePlugin_AUMainType='aufx'",
					"JucePlugin_AUSubType=JucePlugin_PluginCode",
					"JucePlugin_AUExportPrefix=CompressionProtoypingAU",
					"JucePlugin_AUExportPrefixQuoted=\\\"CompressionProtoypingAU\\\"",
					"JucePlugin_AUManufacturerCode=JucePlugin_ManufacturerCode",
					"JucePlugin_CFBundleIdentifier=com.yourcompany.CompressionProtoyping",
					"JucePlugin_RTASCategory=0",
					"JucePlugin_RTASManufacturerCode=JucePlugin_ManufacturerCode",
					"JucePlugin_RTASProductId=JucePlugin_PluginCode",
					"JucePlugin_RTASDisableBypass=0",
					"JucePlugin_RTASDisableMultiMono=0",
					"JucePlugin_AAXIdentifier=com.yourcompany.CompressionProtoyping",
					"JucePlugin_AAXManufacturerCode=JucePlugin_ManufacturerCode",
					"JucePlugin_AAXProductId=JucePlugin_PluginCode",
					"JucePlugin_AAXCategory=0",
					"JucePlugin_AAXDisableBypass=0",
					"JucePlugin_AAXDisableMultiMono=0",
					"JucePlugin_IAAType=0x61757278",
					"JucePlugin_IAASubType=JucePlugin_PluginCode",
					"JucePlugin_IAAName=\\\"Viator\\ DSP:\\ Viator\\ Compressor\\\"",
					"JucePlugin_VSTNumMidiInputs=16",
					"JucePlugin_VSTNumMidiOutputs=16",
					"JUCE_STANDALONE_APPLICATION=JucePlugin_Build_Standalone",
					"JUCER_XCODE_MAC_F6D2F4CF=1",
					"JUCE_APP_VERSION=1.0.0",
					"JUCE_APP_VERSION_HEX=0x10000",
				);
				GCC_VERSION = com.apple.compilers.llvm.clang.1_0;
				GENERATE_PKGINFO_FILE = YES;
				HEADER_SEARCH_PATHS = (
					/Users/land00m/Documents/JUCE/modules/juce_audio_processors/format_types/VST3_SDK,
					../../JuceLibraryCode,
					/Users/land00m/Documents/JUCE/modules,
					/Users/land00m/Documents/JUCE/modules/juce_audio_plugin_client,
					"$(inherited)",
				);
				INFOPLIST_FILE = "Info-AU.plist";
				INFOPLIST_PREPROCESS = NO;
				INSTALL_PATH = "$(HOME)/Library/Audio/Plug-Ins/Components/";
				LIBRARY_STYLE = Bundle;
				MACOSX_DEPLOYMENT_TARGET = 10.11;
				MTL_HEADER_SEARCH_PATHS = "/Users/land00m/Documents/JUCE/modules/juce_audio_processors/format_types/VST3_SDK ../../JuceLibraryCode /Users/land00m/Documents/JUCE/modules /Users/land00m/Documents/JUCE/modules/juce_audio_plugin_client";
				OTHER_LDFLAGS = (
					"-bundle",
					"-lNewProject",
				);
				OTHER_REZFLAGS = "-d ppc_$ppc -d i386_$i386 -d ppc64_$ppc64 -d x86_64_$x86_64 -I /System/Library/Frameworks/CoreServices.framework/Frameworks/CarbonCore.framework/Versions/A/Headers -I \"$(DEVELOPER_DIR)/Extras/CoreAudio/AudioUnits/AUPublic/AUBase\" -I \"$(DEVELOPER_DIR)/Platforms/MacOSX.platform/Developer/SDKs/MacOSX.sdk/System/Library/Frameworks/AudioUnit.framework/Headers\"";
				PRODUCT_BUNDLE_IDENTIFIER = com.yourcompany.CompressionProtoyping;
				PRODUCT_NAME = NewProject;
				USE_HEADERMAP = NO;
				VALID_ARCHS = "i386 x86_64 arm64 arm64e";
				WRAPPER_EXTENSION = component;
			};
			name = Debug;
		};
		F93575A4AF2B9C56CC9EA8EB /* Release */ = {
			isa = XCBuildConfiguration;
			buildSettings = {
				CLANG_CXX_LANGUAGE_STANDARD = "c++14";
				CLANG_CXX_LIBRARY = "libc++";
				CLANG_LINK_OBJC_RUNTIME = NO;
				CODE_SIGN_IDENTITY = "";
				COMBINE_HIDPI_IMAGES = YES;
				CONFIGURATION_BUILD_DIR = "$(PROJECT_DIR)/build/$(CONFIGURATION)";
				DEAD_CODE_STRIPPING = YES;
				DEPLOYMENT_LOCATION = YES;
				DSTROOT = /;
				GCC_GENERATE_DEBUGGING_SYMBOLS = NO;
				GCC_OPTIMIZATION_LEVEL = 3;
				GCC_PREPROCESSOR_DEFINITIONS = (
					"_NDEBUG=1",
					"NDEBUG=1",
					"JUCE_DISPLAY_SPLASH_SCREEN=1",
					"JUCE_USE_DARK_SPLASH_SCREEN=1",
					"JUCE_PROJUCER_VERSION=0x60005",
					"JUCE_MODULE_AVAILABLE_juce_audio_basics=1",
					"JUCE_MODULE_AVAILABLE_juce_audio_devices=1",
					"JUCE_MODULE_AVAILABLE_juce_audio_formats=1",
					"JUCE_MODULE_AVAILABLE_juce_audio_plugin_client=1",
					"JUCE_MODULE_AVAILABLE_juce_audio_processors=1",
					"JUCE_MODULE_AVAILABLE_juce_audio_utils=1",
					"JUCE_MODULE_AVAILABLE_juce_core=1",
					"JUCE_MODULE_AVAILABLE_juce_data_structures=1",
					"JUCE_MODULE_AVAILABLE_juce_dsp=1",
					"JUCE_MODULE_AVAILABLE_juce_events=1",
					"JUCE_MODULE_AVAILABLE_juce_graphics=1",
					"JUCE_MODULE_AVAILABLE_juce_gui_basics=1",
					"JUCE_MODULE_AVAILABLE_juce_gui_extra=1",
					"JUCE_GLOBAL_MODULE_SETTINGS_INCLUDED=1",
					"JUCE_VST3_CAN_REPLACE_VST2=0",
					"JUCE_STRICT_REFCOUNTEDPOINTER=1",
					"JucePlugin_Build_VST=0",
					"JucePlugin_Build_VST3=1",
					"JucePlugin_Build_AU=0",
					"JucePlugin_Build_AUv3=0",
					"JucePlugin_Build_RTAS=0",
					"JucePlugin_Build_AAX=0",
					"JucePlugin_Build_Standalone=0",
					"JucePlugin_Build_Unity=0",
					"JucePlugin_Enable_IAA=0",
					"JucePlugin_Name=\\\"Viator\\ Compressor\\\"",
					"JucePlugin_Desc=\\\"CompressionProtoyping\\\"",
					"JucePlugin_Manufacturer=\\\"Viator\\ DSP\\\"",
					"JucePlugin_ManufacturerWebsite=\\\"\\\"",
					"JucePlugin_ManufacturerEmail=\\\"\\\"",
					"JucePlugin_ManufacturerCode=0x4d616e75",
					"JucePlugin_PluginCode=0x5931696c",
					"JucePlugin_IsSynth=0",
					"JucePlugin_WantsMidiInput=0",
					"JucePlugin_ProducesMidiOutput=0",
					"JucePlugin_IsMidiEffect=0",
					"JucePlugin_EditorRequiresKeyboardFocus=0",
					"JucePlugin_Version=1.0.0",
					"JucePlugin_VersionCode=0x10000",
					"JucePlugin_VersionString=\\\"1.0.0\\\"",
					"JucePlugin_VSTUniqueID=JucePlugin_PluginCode",
					"JucePlugin_VSTCategory=kPlugCategEffect",
					"JucePlugin_Vst3Category=\\\"Fx\\\"",
					"JucePlugin_AUMainType='aufx'",
					"JucePlugin_AUSubType=JucePlugin_PluginCode",
					"JucePlugin_AUExportPrefix=CompressionProtoypingAU",
					"JucePlugin_AUExportPrefixQuoted=\\\"CompressionProtoypingAU\\\"",
					"JucePlugin_AUManufacturerCode=JucePlugin_ManufacturerCode",
					"JucePlugin_CFBundleIdentifier=com.yourcompany.CompressionProtoyping",
					"JucePlugin_RTASCategory=0",
					"JucePlugin_RTASManufacturerCode=JucePlugin_ManufacturerCode",
					"JucePlugin_RTASProductId=JucePlugin_PluginCode",
					"JucePlugin_RTASDisableBypass=0",
					"JucePlugin_RTASDisableMultiMono=0",
					"JucePlugin_AAXIdentifier=com.yourcompany.CompressionProtoyping",
					"JucePlugin_AAXManufacturerCode=JucePlugin_ManufacturerCode",
					"JucePlugin_AAXProductId=JucePlugin_PluginCode",
					"JucePlugin_AAXCategory=0",
					"JucePlugin_AAXDisableBypass=0",
					"JucePlugin_AAXDisableMultiMono=0",
					"JucePlugin_IAAType=0x61757278",
					"JucePlugin_IAASubType=JucePlugin_PluginCode",
					"JucePlugin_IAAName=\\\"Viator\\ DSP:\\ Viator\\ Compressor\\\"",
					"JucePlugin_VSTNumMidiInputs=16",
					"JucePlugin_VSTNumMidiOutputs=16",
					"JUCE_STANDALONE_APPLICATION=JucePlugin_Build_Standalone",
					"JUCER_XCODE_MAC_F6D2F4CF=1",
					"JUCE_APP_VERSION=1.0.0",
					"JUCE_APP_VERSION_HEX=0x10000",
				);
				GCC_VERSION = com.apple.compilers.llvm.clang.1_0;
				GENERATE_PKGINFO_FILE = YES;
				HEADER_SEARCH_PATHS = (
					/Users/land00m/Documents/JUCE/modules/juce_audio_processors/format_types/VST3_SDK,
					../../JuceLibraryCode,
					/Users/land00m/Documents/JUCE/modules,
					/Users/land00m/Documents/JUCE/modules/juce_audio_plugin_client,
					"$(inherited)",
				);
				INFOPLIST_FILE = "Info-VST3.plist";
				INFOPLIST_PREPROCESS = NO;
				INSTALL_PATH = "$(HOME)/Library/Audio/Plug-Ins/VST3/";
				LIBRARY_STYLE = Bundle;
				LLVM_LTO = YES;
				MACOSX_DEPLOYMENT_TARGET = 10.11;
				MTL_HEADER_SEARCH_PATHS = "/Users/land00m/Documents/JUCE/modules/juce_audio_processors/format_types/VST3_SDK ../../JuceLibraryCode /Users/land00m/Documents/JUCE/modules /Users/land00m/Documents/JUCE/modules/juce_audio_plugin_client";
				OTHER_LDFLAGS = (
					"-bundle",
					"-lNewProject",
				);
				PRODUCT_BUNDLE_IDENTIFIER = com.yourcompany.CompressionProtoyping;
				PRODUCT_NAME = NewProject;
				USE_HEADERMAP = NO;
				VALID_ARCHS = "i386 x86_64 arm64 arm64e";
				WRAPPER_EXTENSION = vst3;
			};
			name = Release;
		};
/* End XCBuildConfiguration section */

/* Begin XCConfigurationList section */
		1AF95BDDC73E33B9DB8F74CA /* Build configuration list for PBXAggregateTarget "CompressionProtoyping - All" */ = {
			isa = XCConfigurationList;
			buildConfigurations = (
				155812B6D6AEB8830EBAA72F /* Debug */,
				29D36B810683E02E0AD51FF2 /* Release */,
			);
			defaultConfigurationIsVisible = 0;
			defaultConfigurationName = Debug;
		};
		2D04916F3D306FEFC92B2411 /* Build configuration list for PBXNativeTarget "CompressionProtoyping - VST3" */ = {
			isa = XCConfigurationList;
			buildConfigurations = (
				8CAA6118FF7CD4761F52284E /* Debug */,
				F93575A4AF2B9C56CC9EA8EB /* Release */,
			);
			defaultConfigurationIsVisible = 0;
			defaultConfigurationName = Debug;
		};
		4AED521805948148EAA0E926 /* Build configuration list for PBXNativeTarget "CompressionProtoyping - Standalone Plugin" */ = {
			isa = XCConfigurationList;
			buildConfigurations = (
				526147EF3C3EFAD093703D59 /* Debug */,
				979D6641D78D76A7BBFFFB58 /* Release */,
			);
			defaultConfigurationIsVisible = 0;
			defaultConfigurationName = Debug;
		};
		8B22724FB5E1F287EEA10526 /* Build configuration list for PBXNativeTarget "CompressionProtoyping - Shared Code" */ = {
			isa = XCConfigurationList;
			buildConfigurations = (
				90E12FB29D55212E9643F732 /* Debug */,
				44E456411CC91CAAA595F829 /* Release */,
			);
			defaultConfigurationIsVisible = 0;
			defaultConfigurationName = Debug;
		};
		AF846A5D41CABD97DC221178 /* Build configuration list for PBXNativeTarget "CompressionProtoyping - AU" */ = {
			isa = XCConfigurationList;
			buildConfigurations = (
				F4BFCBB6FDFF253695966B42 /* Debug */,
				14A7B82BB2F32B095135C8BC /* Release */,
			);
			defaultConfigurationIsVisible = 0;
			defaultConfigurationName = Debug;
		};
		E1B14AB956B5A9A4AB828DD2 /* Build configuration list for PBXProject "CompressionProtoyping" */ = {
			isa = XCConfigurationList;
			buildConfigurations = (
				98CE94C9C9D99B52D946138A /* Debug */,
				CAAFA210420CAF77FA71CE4B /* Release */,
			);
			defaultConfigurationIsVisible = 0;
			defaultConfigurationName = Debug;
		};
/* End XCConfigurationList section */
	};
	rootObject = 20EC9DE2B3C2FFFEE60EA942 /* Project object */;
}
